// !$*UTF8*$!
{
	archiveVersion = 1;
	classes = {
	};
	objectVersion = 46;
	objects = {

/* Begin PBXBuildFile section */
		292719D719F284AC009C308B /* AFHTTPRequestOperation.m in Sources */ = {isa = PBXBuildFile; fileRef = 2927193319F284AC009C308B /* AFHTTPRequestOperation.m */; };
		292719D819F284AC009C308B /* AFHTTPRequestOperationManager.m in Sources */ = {isa = PBXBuildFile; fileRef = 2927193519F284AC009C308B /* AFHTTPRequestOperationManager.m */; };
		292719D919F284AC009C308B /* AFHTTPSessionManager.m in Sources */ = {isa = PBXBuildFile; fileRef = 2927193719F284AC009C308B /* AFHTTPSessionManager.m */; };
		292719DA19F284AC009C308B /* AFNetworkReachabilityManager.m in Sources */ = {isa = PBXBuildFile; fileRef = 2927193A19F284AC009C308B /* AFNetworkReachabilityManager.m */; };
		292719DB19F284AC009C308B /* AFSecurityPolicy.m in Sources */ = {isa = PBXBuildFile; fileRef = 2927193C19F284AC009C308B /* AFSecurityPolicy.m */; };
		292719DC19F284AC009C308B /* AFURLConnectionOperation.m in Sources */ = {isa = PBXBuildFile; fileRef = 2927193E19F284AC009C308B /* AFURLConnectionOperation.m */; };
		292719DD19F284AC009C308B /* AFURLRequestSerialization.m in Sources */ = {isa = PBXBuildFile; fileRef = 2927194019F284AC009C308B /* AFURLRequestSerialization.m */; };
		292719DE19F284AC009C308B /* AFURLResponseSerialization.m in Sources */ = {isa = PBXBuildFile; fileRef = 2927194219F284AC009C308B /* AFURLResponseSerialization.m */; };
		292719DF19F284AC009C308B /* AFURLSessionManager.m in Sources */ = {isa = PBXBuildFile; fileRef = 2927194419F284AC009C308B /* AFURLSessionManager.m */; };
		292719E019F284AC009C308B /* AFNetworkActivityIndicatorManager.m in Sources */ = {isa = PBXBuildFile; fileRef = 2927194719F284AC009C308B /* AFNetworkActivityIndicatorManager.m */; };
		292719E119F284AC009C308B /* UIActivityIndicatorView+AFNetworking.m in Sources */ = {isa = PBXBuildFile; fileRef = 2927194919F284AC009C308B /* UIActivityIndicatorView+AFNetworking.m */; };
		292719E219F284AC009C308B /* UIAlertView+AFNetworking.m in Sources */ = {isa = PBXBuildFile; fileRef = 2927194B19F284AC009C308B /* UIAlertView+AFNetworking.m */; };
		292719E319F284AC009C308B /* UIButton+AFNetworking.m in Sources */ = {isa = PBXBuildFile; fileRef = 2927194D19F284AC009C308B /* UIButton+AFNetworking.m */; };
		292719E419F284AC009C308B /* UIImageView+AFNetworking.m in Sources */ = {isa = PBXBuildFile; fileRef = 2927194F19F284AC009C308B /* UIImageView+AFNetworking.m */; };
		292719E519F284AC009C308B /* UIProgressView+AFNetworking.m in Sources */ = {isa = PBXBuildFile; fileRef = 2927195219F284AC009C308B /* UIProgressView+AFNetworking.m */; };
		292719E619F284AC009C308B /* UIRefreshControl+AFNetworking.m in Sources */ = {isa = PBXBuildFile; fileRef = 2927195419F284AC009C308B /* UIRefreshControl+AFNetworking.m */; };
		292719E719F284AC009C308B /* UIWebView+AFNetworking.m in Sources */ = {isa = PBXBuildFile; fileRef = 2927195619F284AC009C308B /* UIWebView+AFNetworking.m */; };
		29271A2D19F284AC009C308B /* JSQSystemSoundPlayer.m in Sources */ = {isa = PBXBuildFile; fileRef = 292719D219F284AC009C308B /* JSQSystemSoundPlayer.m */; };
		296DD5E81A1F557900AB9F8C /* ProgressHUD.bundle in Resources */ = {isa = PBXBuildFile; fileRef = 296DD5E51A1F557900AB9F8C /* ProgressHUD.bundle */; };
		296DD5E91A1F557900AB9F8C /* ProgressHUD.m in Sources */ = {isa = PBXBuildFile; fileRef = 296DD5E71A1F557900AB9F8C /* ProgressHUD.m */; };
		297F95E31A3C48FD006D3E6C /* JSQMessagesAssets.bundle in Resources */ = {isa = PBXBuildFile; fileRef = 297F95781A3C48FD006D3E6C /* JSQMessagesAssets.bundle */; };
		297F95E41A3C48FD006D3E6C /* JSQMessages.strings in Resources */ = {isa = PBXBuildFile; fileRef = 297F957A1A3C48FD006D3E6C /* JSQMessages.strings */; };
		297F95E51A3C48FD006D3E6C /* JSQSystemSoundPlayer+JSQMessages.m in Sources */ = {isa = PBXBuildFile; fileRef = 297F958C1A3C48FD006D3E6C /* JSQSystemSoundPlayer+JSQMessages.m */; };
		297F95E61A3C48FD006D3E6C /* NSString+JSQMessages.m in Sources */ = {isa = PBXBuildFile; fileRef = 297F958E1A3C48FD006D3E6C /* NSString+JSQMessages.m */; };
		297F95E71A3C48FD006D3E6C /* UIColor+JSQMessages.m in Sources */ = {isa = PBXBuildFile; fileRef = 297F95901A3C48FD006D3E6C /* UIColor+JSQMessages.m */; };
		297F95E81A3C48FD006D3E6C /* UIDevice+JSQMessages.m in Sources */ = {isa = PBXBuildFile; fileRef = 297F95921A3C48FD006D3E6C /* UIDevice+JSQMessages.m */; };
		297F95E91A3C48FD006D3E6C /* UIImage+JSQMessages.m in Sources */ = {isa = PBXBuildFile; fileRef = 297F95941A3C48FD006D3E6C /* UIImage+JSQMessages.m */; };
		297F95EA1A3C48FD006D3E6C /* UIView+JSQMessages.m in Sources */ = {isa = PBXBuildFile; fileRef = 297F95961A3C48FD006D3E6C /* UIView+JSQMessages.m */; };
		297F95EB1A3C48FD006D3E6C /* JSQMessagesKeyboardController.m in Sources */ = {isa = PBXBuildFile; fileRef = 297F95991A3C48FD006D3E6C /* JSQMessagesKeyboardController.m */; };
		297F95EC1A3C48FD006D3E6C /* JSQMessagesViewController.m in Sources */ = {isa = PBXBuildFile; fileRef = 297F959B1A3C48FD006D3E6C /* JSQMessagesViewController.m */; };
		297F95ED1A3C48FD006D3E6C /* JSQMessagesViewController.xib in Resources */ = {isa = PBXBuildFile; fileRef = 297F959C1A3C48FD006D3E6C /* JSQMessagesViewController.xib */; };
		297F95EE1A3C48FD006D3E6C /* JSQMessagesAvatarImageFactory.m in Sources */ = {isa = PBXBuildFile; fileRef = 297F959F1A3C48FD006D3E6C /* JSQMessagesAvatarImageFactory.m */; };
		297F95EF1A3C48FD006D3E6C /* JSQMessagesBubbleImageFactory.m in Sources */ = {isa = PBXBuildFile; fileRef = 297F95A11A3C48FD006D3E6C /* JSQMessagesBubbleImageFactory.m */; };
		297F95F01A3C48FD006D3E6C /* JSQMessagesMediaViewBubbleImageMasker.m in Sources */ = {isa = PBXBuildFile; fileRef = 297F95A31A3C48FD006D3E6C /* JSQMessagesMediaViewBubbleImageMasker.m */; };
		297F95F11A3C48FD006D3E6C /* JSQMessagesTimestampFormatter.m in Sources */ = {isa = PBXBuildFile; fileRef = 297F95A51A3C48FD006D3E6C /* JSQMessagesTimestampFormatter.m */; };
		297F95F21A3C48FD006D3E6C /* JSQMessagesToolbarButtonFactory.m in Sources */ = {isa = PBXBuildFile; fileRef = 297F95A71A3C48FD006D3E6C /* JSQMessagesToolbarButtonFactory.m */; };
		297F95F31A3C48FD006D3E6C /* JSQMessagesCollectionViewFlowLayout.m in Sources */ = {isa = PBXBuildFile; fileRef = 297F95AB1A3C48FD006D3E6C /* JSQMessagesCollectionViewFlowLayout.m */; };
		297F95F41A3C48FD006D3E6C /* JSQMessagesCollectionViewFlowLayoutInvalidationContext.m in Sources */ = {isa = PBXBuildFile; fileRef = 297F95AD1A3C48FD006D3E6C /* JSQMessagesCollectionViewFlowLayoutInvalidationContext.m */; };
		297F95F51A3C48FD006D3E6C /* JSQMessagesCollectionViewLayoutAttributes.m in Sources */ = {isa = PBXBuildFile; fileRef = 297F95AF1A3C48FD006D3E6C /* JSQMessagesCollectionViewLayoutAttributes.m */; };
		297F95F61A3C48FD006D3E6C /* JSQLocationMediaItem.m in Sources */ = {isa = PBXBuildFile; fileRef = 297F95B21A3C48FD006D3E6C /* JSQLocationMediaItem.m */; };
		297F95F71A3C48FD006D3E6C /* JSQMediaItem.m in Sources */ = {isa = PBXBuildFile; fileRef = 297F95B41A3C48FD006D3E6C /* JSQMediaItem.m */; };
		297F95F81A3C48FD006D3E6C /* JSQMessage.m in Sources */ = {isa = PBXBuildFile; fileRef = 297F95B61A3C48FD006D3E6C /* JSQMessage.m */; };
		297F95F91A3C48FD006D3E6C /* JSQMessagesAvatarImage.m in Sources */ = {isa = PBXBuildFile; fileRef = 297F95BC1A3C48FD006D3E6C /* JSQMessagesAvatarImage.m */; };
		297F95FA1A3C48FD006D3E6C /* JSQMessagesBubbleImage.m in Sources */ = {isa = PBXBuildFile; fileRef = 297F95BE1A3C48FD006D3E6C /* JSQMessagesBubbleImage.m */; };
		297F95FB1A3C48FD006D3E6C /* JSQPhotoMediaItem.m in Sources */ = {isa = PBXBuildFile; fileRef = 297F95C21A3C48FD006D3E6C /* JSQPhotoMediaItem.m */; };
		297F95FC1A3C48FD006D3E6C /* JSQVideoMediaItem.m in Sources */ = {isa = PBXBuildFile; fileRef = 297F95C41A3C48FD006D3E6C /* JSQVideoMediaItem.m */; };
		297F95FD1A3C48FD006D3E6C /* JSQMessagesCellTextView.m in Sources */ = {isa = PBXBuildFile; fileRef = 297F95C71A3C48FD006D3E6C /* JSQMessagesCellTextView.m */; };
		297F95FE1A3C48FD006D3E6C /* JSQMessagesCollectionView.m in Sources */ = {isa = PBXBuildFile; fileRef = 297F95C91A3C48FD006D3E6C /* JSQMessagesCollectionView.m */; };
		297F95FF1A3C48FD006D3E6C /* JSQMessagesCollectionViewCell.m in Sources */ = {isa = PBXBuildFile; fileRef = 297F95CB1A3C48FD006D3E6C /* JSQMessagesCollectionViewCell.m */; };
		297F96001A3C48FD006D3E6C /* JSQMessagesCollectionViewCellIncoming.m in Sources */ = {isa = PBXBuildFile; fileRef = 297F95CD1A3C48FD006D3E6C /* JSQMessagesCollectionViewCellIncoming.m */; };
		297F96011A3C48FD006D3E6C /* JSQMessagesCollectionViewCellIncoming.xib in Resources */ = {isa = PBXBuildFile; fileRef = 297F95CE1A3C48FD006D3E6C /* JSQMessagesCollectionViewCellIncoming.xib */; };
		297F96021A3C48FD006D3E6C /* JSQMessagesCollectionViewCellOutgoing.m in Sources */ = {isa = PBXBuildFile; fileRef = 297F95D01A3C48FD006D3E6C /* JSQMessagesCollectionViewCellOutgoing.m */; };
		297F96031A3C48FD006D3E6C /* JSQMessagesCollectionViewCellOutgoing.xib in Resources */ = {isa = PBXBuildFile; fileRef = 297F95D11A3C48FD006D3E6C /* JSQMessagesCollectionViewCellOutgoing.xib */; };
		297F96041A3C48FD006D3E6C /* JSQMessagesComposerTextView.m in Sources */ = {isa = PBXBuildFile; fileRef = 297F95D31A3C48FD006D3E6C /* JSQMessagesComposerTextView.m */; };
		297F96051A3C48FD006D3E6C /* JSQMessagesInputToolbar.m in Sources */ = {isa = PBXBuildFile; fileRef = 297F95D51A3C48FD006D3E6C /* JSQMessagesInputToolbar.m */; };
		297F96061A3C48FD006D3E6C /* JSQMessagesLabel.m in Sources */ = {isa = PBXBuildFile; fileRef = 297F95D71A3C48FD006D3E6C /* JSQMessagesLabel.m */; };
		297F96071A3C48FD006D3E6C /* JSQMessagesLoadEarlierHeaderView.m in Sources */ = {isa = PBXBuildFile; fileRef = 297F95D91A3C48FD006D3E6C /* JSQMessagesLoadEarlierHeaderView.m */; };
		297F96081A3C48FD006D3E6C /* JSQMessagesLoadEarlierHeaderView.xib in Resources */ = {isa = PBXBuildFile; fileRef = 297F95DA1A3C48FD006D3E6C /* JSQMessagesLoadEarlierHeaderView.xib */; };
		297F96091A3C48FD006D3E6C /* JSQMessagesMediaPlaceholderView.m in Sources */ = {isa = PBXBuildFile; fileRef = 297F95DC1A3C48FD006D3E6C /* JSQMessagesMediaPlaceholderView.m */; };
		297F960A1A3C48FD006D3E6C /* JSQMessagesToolbarContentView.m in Sources */ = {isa = PBXBuildFile; fileRef = 297F95DE1A3C48FD006D3E6C /* JSQMessagesToolbarContentView.m */; };
		297F960B1A3C48FD006D3E6C /* JSQMessagesToolbarContentView.xib in Resources */ = {isa = PBXBuildFile; fileRef = 297F95DF1A3C48FD006D3E6C /* JSQMessagesToolbarContentView.xib */; };
		297F960C1A3C48FD006D3E6C /* JSQMessagesTypingIndicatorFooterView.m in Sources */ = {isa = PBXBuildFile; fileRef = 297F95E11A3C48FD006D3E6C /* JSQMessagesTypingIndicatorFooterView.m */; };
		297F960D1A3C48FD006D3E6C /* JSQMessagesTypingIndicatorFooterView.xib in Resources */ = {isa = PBXBuildFile; fileRef = 297F95E21A3C48FD006D3E6C /* JSQMessagesTypingIndicatorFooterView.xib */; };
		2998B4141A1F7CC900C95A00 /* Firebase.framework in Frameworks */ = {isa = PBXBuildFile; fileRef = 2998B4131A1F7CC900C95A00 /* Firebase.framework */; };
		2998B4161A1F7F3000C95A00 /* libicucore.dylib in Frameworks */ = {isa = PBXBuildFile; fileRef = 2998B4151A1F7F3000C95A00 /* libicucore.dylib */; };
		2998B4181A1F7F3700C95A00 /* libc++.dylib in Frameworks */ = {isa = PBXBuildFile; fileRef = 2998B4171A1F7F3700C95A00 /* libc++.dylib */; };
		2998B4221A1F7F7900C95A00 /* Social.framework in Frameworks */ = {isa = PBXBuildFile; fileRef = 2998B4211A1F7F7900C95A00 /* Social.framework */; };
		2999F3E71A3C3ECD00147194 /* NavigationController.m in Sources */ = {isa = PBXBuildFile; fileRef = 2999F3BD1A3C3ECD00147194 /* NavigationController.m */; };
		2999F3E81A3C3ECD00147194 /* ChatView.m in Sources */ = {isa = PBXBuildFile; fileRef = 2999F3C01A3C3ECD00147194 /* ChatView.m */; };
		2999F3E91A3C3ECD00147194 /* GroupView.m in Sources */ = {isa = PBXBuildFile; fileRef = 2999F3C41A3C3ECD00147194 /* GroupView.m */; };
		2999F3EA1A3C3ECD00147194 /* PrivateView.m in Sources */ = {isa = PBXBuildFile; fileRef = 2999F3C71A3C3ECD00147194 /* PrivateView.m */; };
		2999F3EB1A3C3ECD00147194 /* PrivateView.xib in Resources */ = {isa = PBXBuildFile; fileRef = 2999F3C81A3C3ECD00147194 /* PrivateView.xib */; };
		2999F3EC1A3C3ECD00147194 /* MessagesCell.m in Sources */ = {isa = PBXBuildFile; fileRef = 2999F3CB1A3C3ECD00147194 /* MessagesCell.m */; };
		2999F3ED1A3C3ECD00147194 /* MessagesCell.xib in Resources */ = {isa = PBXBuildFile; fileRef = 2999F3CC1A3C3ECD00147194 /* MessagesCell.xib */; };
		2999F3EE1A3C3ECD00147194 /* MessagesView.m in Sources */ = {isa = PBXBuildFile; fileRef = 2999F3CE1A3C3ECD00147194 /* MessagesView.m */; };
		2999F3EF1A3C3ECD00147194 /* MessagesView.xib in Resources */ = {isa = PBXBuildFile; fileRef = 2999F3CF1A3C3ECD00147194 /* MessagesView.xib */; };
		2999F3F01A3C3ECD00147194 /* ProfileView.m in Sources */ = {isa = PBXBuildFile; fileRef = 2999F3D21A3C3ECD00147194 /* ProfileView.m */; };
		2999F3F11A3C3ECD00147194 /* ProfileView.xib in Resources */ = {isa = PBXBuildFile; fileRef = 2999F3D31A3C3ECD00147194 /* ProfileView.xib */; };
		2999F3F21A3C3ECD00147194 /* LoginView.m in Sources */ = {isa = PBXBuildFile; fileRef = 2999F3D61A3C3ECD00147194 /* LoginView.m */; };
		2999F3F31A3C3ECD00147194 /* LoginView.xib in Resources */ = {isa = PBXBuildFile; fileRef = 2999F3D71A3C3ECD00147194 /* LoginView.xib */; };
		2999F3F41A3C3ECD00147194 /* RegisterView.m in Sources */ = {isa = PBXBuildFile; fileRef = 2999F3D91A3C3ECD00147194 /* RegisterView.m */; };
		2999F3F51A3C3ECD00147194 /* RegisterView.xib in Resources */ = {isa = PBXBuildFile; fileRef = 2999F3DA1A3C3ECD00147194 /* RegisterView.xib */; };
		2999F3F61A3C3ECD00147194 /* WelcomeView.m in Sources */ = {isa = PBXBuildFile; fileRef = 2999F3DC1A3C3ECD00147194 /* WelcomeView.m */; };
		2999F3F71A3C3ECD00147194 /* WelcomeView.xib in Resources */ = {isa = PBXBuildFile; fileRef = 2999F3DD1A3C3ECD00147194 /* WelcomeView.xib */; };
		2999F3F81A3C3ECD00147194 /* camera.m in Sources */ = {isa = PBXBuildFile; fileRef = 2999F3E01A3C3ECD00147194 /* camera.m */; };
		2999F3F91A3C3ECD00147194 /* messages.m in Sources */ = {isa = PBXBuildFile; fileRef = 2999F3E21A3C3ECD00147194 /* messages.m */; };
		2999F3FA1A3C3ECD00147194 /* pushnotification.m in Sources */ = {isa = PBXBuildFile; fileRef = 2999F3E41A3C3ECD00147194 /* pushnotification.m */; };
		2999F3FB1A3C3ECD00147194 /* utilities.m in Sources */ = {isa = PBXBuildFile; fileRef = 2999F3E61A3C3ECD00147194 /* utilities.m */; };
		29B6DDC71A3C3C5700D38CD9 /* chat_blank@2x.png in Resources */ = {isa = PBXBuildFile; fileRef = 29B6DDC01A3C3C5700D38CD9 /* chat_blank@2x.png */; };
		29B6DDC81A3C3C5700D38CD9 /* messages_blank@2x.png in Resources */ = {isa = PBXBuildFile; fileRef = 29B6DDC11A3C3C5700D38CD9 /* messages_blank@2x.png */; };
		29B6DDC91A3C3C5700D38CD9 /* profile_blank@2x.png in Resources */ = {isa = PBXBuildFile; fileRef = 29B6DDC21A3C3C5700D38CD9 /* profile_blank@2x.png */; };
		29B6DDCA1A3C3C5700D38CD9 /* tab_group@2x.png in Resources */ = {isa = PBXBuildFile; fileRef = 29B6DDC31A3C3C5700D38CD9 /* tab_group@2x.png */; };
		29B6DDCB1A3C3C5700D38CD9 /* tab_messages@2x.png in Resources */ = {isa = PBXBuildFile; fileRef = 29B6DDC41A3C3C5700D38CD9 /* tab_messages@2x.png */; };
		29B6DDCC1A3C3C5700D38CD9 /* tab_private@2x.png in Resources */ = {isa = PBXBuildFile; fileRef = 29B6DDC51A3C3C5700D38CD9 /* tab_private@2x.png */; };
		29B6DDCD1A3C3C5700D38CD9 /* tab_profile@2x.png in Resources */ = {isa = PBXBuildFile; fileRef = 29B6DDC61A3C3C5700D38CD9 /* tab_profile@2x.png */; };
		29EB240B19E9292500D7AA97 /* main.m in Sources */ = {isa = PBXBuildFile; fileRef = 29EB240A19E9292500D7AA97 /* main.m */; };
		29EB240E19E9292500D7AA97 /* AppDelegate.m in Sources */ = {isa = PBXBuildFile; fileRef = 29EB240D19E9292500D7AA97 /* AppDelegate.m */; };
		29EB241619E9292500D7AA97 /* Images.xcassets in Resources */ = {isa = PBXBuildFile; fileRef = 29EB241519E9292500D7AA97 /* Images.xcassets */; };
		29EB241919E9292500D7AA97 /* LaunchScreen.xib in Resources */ = {isa = PBXBuildFile; fileRef = 29EB241719E9292500D7AA97 /* LaunchScreen.xib */; };
		29EB243619E9297900D7AA97 /* Parse.framework in Frameworks */ = {isa = PBXBuildFile; fileRef = 29EB243419E9297900D7AA97 /* Parse.framework */; };
		29EB243719E9297900D7AA97 /* ParseFacebookUtils.framework in Frameworks */ = {isa = PBXBuildFile; fileRef = 29EB243519E9297900D7AA97 /* ParseFacebookUtils.framework */; };
		29EB255119E92B3600D7AA97 /* FacebookSDK.framework in Frameworks */ = {isa = PBXBuildFile; fileRef = 29EB255019E92B3600D7AA97 /* FacebookSDK.framework */; };
/* End PBXBuildFile section */

/* Begin PBXFileReference section */
		2927193219F284AC009C308B /* AFHTTPRequestOperation.h */ = {isa = PBXFileReference; fileEncoding = 4; lastKnownFileType = sourcecode.c.h; path = AFHTTPRequestOperation.h; sourceTree = "<group>"; };
		2927193319F284AC009C308B /* AFHTTPRequestOperation.m */ = {isa = PBXFileReference; fileEncoding = 4; lastKnownFileType = sourcecode.c.objc; path = AFHTTPRequestOperation.m; sourceTree = "<group>"; };
		2927193419F284AC009C308B /* AFHTTPRequestOperationManager.h */ = {isa = PBXFileReference; fileEncoding = 4; lastKnownFileType = sourcecode.c.h; path = AFHTTPRequestOperationManager.h; sourceTree = "<group>"; };
		2927193519F284AC009C308B /* AFHTTPRequestOperationManager.m */ = {isa = PBXFileReference; fileEncoding = 4; lastKnownFileType = sourcecode.c.objc; path = AFHTTPRequestOperationManager.m; sourceTree = "<group>"; };
		2927193619F284AC009C308B /* AFHTTPSessionManager.h */ = {isa = PBXFileReference; fileEncoding = 4; lastKnownFileType = sourcecode.c.h; path = AFHTTPSessionManager.h; sourceTree = "<group>"; };
		2927193719F284AC009C308B /* AFHTTPSessionManager.m */ = {isa = PBXFileReference; fileEncoding = 4; lastKnownFileType = sourcecode.c.objc; path = AFHTTPSessionManager.m; sourceTree = "<group>"; };
		2927193819F284AC009C308B /* AFNetworking.h */ = {isa = PBXFileReference; fileEncoding = 4; lastKnownFileType = sourcecode.c.h; path = AFNetworking.h; sourceTree = "<group>"; };
		2927193919F284AC009C308B /* AFNetworkReachabilityManager.h */ = {isa = PBXFileReference; fileEncoding = 4; lastKnownFileType = sourcecode.c.h; path = AFNetworkReachabilityManager.h; sourceTree = "<group>"; };
		2927193A19F284AC009C308B /* AFNetworkReachabilityManager.m */ = {isa = PBXFileReference; fileEncoding = 4; lastKnownFileType = sourcecode.c.objc; path = AFNetworkReachabilityManager.m; sourceTree = "<group>"; };
		2927193B19F284AC009C308B /* AFSecurityPolicy.h */ = {isa = PBXFileReference; fileEncoding = 4; lastKnownFileType = sourcecode.c.h; path = AFSecurityPolicy.h; sourceTree = "<group>"; };
		2927193C19F284AC009C308B /* AFSecurityPolicy.m */ = {isa = PBXFileReference; fileEncoding = 4; lastKnownFileType = sourcecode.c.objc; path = AFSecurityPolicy.m; sourceTree = "<group>"; };
		2927193D19F284AC009C308B /* AFURLConnectionOperation.h */ = {isa = PBXFileReference; fileEncoding = 4; lastKnownFileType = sourcecode.c.h; path = AFURLConnectionOperation.h; sourceTree = "<group>"; };
		2927193E19F284AC009C308B /* AFURLConnectionOperation.m */ = {isa = PBXFileReference; fileEncoding = 4; lastKnownFileType = sourcecode.c.objc; path = AFURLConnectionOperation.m; sourceTree = "<group>"; };
		2927193F19F284AC009C308B /* AFURLRequestSerialization.h */ = {isa = PBXFileReference; fileEncoding = 4; lastKnownFileType = sourcecode.c.h; path = AFURLRequestSerialization.h; sourceTree = "<group>"; };
		2927194019F284AC009C308B /* AFURLRequestSerialization.m */ = {isa = PBXFileReference; fileEncoding = 4; lastKnownFileType = sourcecode.c.objc; path = AFURLRequestSerialization.m; sourceTree = "<group>"; };
		2927194119F284AC009C308B /* AFURLResponseSerialization.h */ = {isa = PBXFileReference; fileEncoding = 4; lastKnownFileType = sourcecode.c.h; path = AFURLResponseSerialization.h; sourceTree = "<group>"; };
		2927194219F284AC009C308B /* AFURLResponseSerialization.m */ = {isa = PBXFileReference; fileEncoding = 4; lastKnownFileType = sourcecode.c.objc; path = AFURLResponseSerialization.m; sourceTree = "<group>"; };
		2927194319F284AC009C308B /* AFURLSessionManager.h */ = {isa = PBXFileReference; fileEncoding = 4; lastKnownFileType = sourcecode.c.h; path = AFURLSessionManager.h; sourceTree = "<group>"; };
		2927194419F284AC009C308B /* AFURLSessionManager.m */ = {isa = PBXFileReference; fileEncoding = 4; lastKnownFileType = sourcecode.c.objc; path = AFURLSessionManager.m; sourceTree = "<group>"; };
		2927194619F284AC009C308B /* AFNetworkActivityIndicatorManager.h */ = {isa = PBXFileReference; fileEncoding = 4; lastKnownFileType = sourcecode.c.h; path = AFNetworkActivityIndicatorManager.h; sourceTree = "<group>"; };
		2927194719F284AC009C308B /* AFNetworkActivityIndicatorManager.m */ = {isa = PBXFileReference; fileEncoding = 4; lastKnownFileType = sourcecode.c.objc; path = AFNetworkActivityIndicatorManager.m; sourceTree = "<group>"; };
		2927194819F284AC009C308B /* UIActivityIndicatorView+AFNetworking.h */ = {isa = PBXFileReference; fileEncoding = 4; lastKnownFileType = sourcecode.c.h; path = "UIActivityIndicatorView+AFNetworking.h"; sourceTree = "<group>"; };
		2927194919F284AC009C308B /* UIActivityIndicatorView+AFNetworking.m */ = {isa = PBXFileReference; fileEncoding = 4; lastKnownFileType = sourcecode.c.objc; path = "UIActivityIndicatorView+AFNetworking.m"; sourceTree = "<group>"; };
		2927194A19F284AC009C308B /* UIAlertView+AFNetworking.h */ = {isa = PBXFileReference; fileEncoding = 4; lastKnownFileType = sourcecode.c.h; path = "UIAlertView+AFNetworking.h"; sourceTree = "<group>"; };
		2927194B19F284AC009C308B /* UIAlertView+AFNetworking.m */ = {isa = PBXFileReference; fileEncoding = 4; lastKnownFileType = sourcecode.c.objc; path = "UIAlertView+AFNetworking.m"; sourceTree = "<group>"; };
		2927194C19F284AC009C308B /* UIButton+AFNetworking.h */ = {isa = PBXFileReference; fileEncoding = 4; lastKnownFileType = sourcecode.c.h; path = "UIButton+AFNetworking.h"; sourceTree = "<group>"; };
		2927194D19F284AC009C308B /* UIButton+AFNetworking.m */ = {isa = PBXFileReference; fileEncoding = 4; lastKnownFileType = sourcecode.c.objc; path = "UIButton+AFNetworking.m"; sourceTree = "<group>"; };
		2927194E19F284AC009C308B /* UIImageView+AFNetworking.h */ = {isa = PBXFileReference; fileEncoding = 4; lastKnownFileType = sourcecode.c.h; path = "UIImageView+AFNetworking.h"; sourceTree = "<group>"; };
		2927194F19F284AC009C308B /* UIImageView+AFNetworking.m */ = {isa = PBXFileReference; fileEncoding = 4; lastKnownFileType = sourcecode.c.objc; path = "UIImageView+AFNetworking.m"; sourceTree = "<group>"; };
		2927195019F284AC009C308B /* UIKit+AFNetworking.h */ = {isa = PBXFileReference; fileEncoding = 4; lastKnownFileType = sourcecode.c.h; path = "UIKit+AFNetworking.h"; sourceTree = "<group>"; };
		2927195119F284AC009C308B /* UIProgressView+AFNetworking.h */ = {isa = PBXFileReference; fileEncoding = 4; lastKnownFileType = sourcecode.c.h; path = "UIProgressView+AFNetworking.h"; sourceTree = "<group>"; };
		2927195219F284AC009C308B /* UIProgressView+AFNetworking.m */ = {isa = PBXFileReference; fileEncoding = 4; lastKnownFileType = sourcecode.c.objc; path = "UIProgressView+AFNetworking.m"; sourceTree = "<group>"; };
		2927195319F284AC009C308B /* UIRefreshControl+AFNetworking.h */ = {isa = PBXFileReference; fileEncoding = 4; lastKnownFileType = sourcecode.c.h; path = "UIRefreshControl+AFNetworking.h"; sourceTree = "<group>"; };
		2927195419F284AC009C308B /* UIRefreshControl+AFNetworking.m */ = {isa = PBXFileReference; fileEncoding = 4; lastKnownFileType = sourcecode.c.objc; path = "UIRefreshControl+AFNetworking.m"; sourceTree = "<group>"; };
		2927195519F284AC009C308B /* UIWebView+AFNetworking.h */ = {isa = PBXFileReference; fileEncoding = 4; lastKnownFileType = sourcecode.c.h; path = "UIWebView+AFNetworking.h"; sourceTree = "<group>"; };
		2927195619F284AC009C308B /* UIWebView+AFNetworking.m */ = {isa = PBXFileReference; fileEncoding = 4; lastKnownFileType = sourcecode.c.objc; path = "UIWebView+AFNetworking.m"; sourceTree = "<group>"; };
		292719D119F284AC009C308B /* JSQSystemSoundPlayer.h */ = {isa = PBXFileReference; fileEncoding = 4; lastKnownFileType = sourcecode.c.h; path = JSQSystemSoundPlayer.h; sourceTree = "<group>"; };
		292719D219F284AC009C308B /* JSQSystemSoundPlayer.m */ = {isa = PBXFileReference; fileEncoding = 4; lastKnownFileType = sourcecode.c.objc; path = JSQSystemSoundPlayer.m; sourceTree = "<group>"; };
		296DD5E51A1F557900AB9F8C /* ProgressHUD.bundle */ = {isa = PBXFileReference; lastKnownFileType = "wrapper.plug-in"; path = ProgressHUD.bundle; sourceTree = "<group>"; };
		296DD5E61A1F557900AB9F8C /* ProgressHUD.h */ = {isa = PBXFileReference; fileEncoding = 4; lastKnownFileType = sourcecode.c.h; path = ProgressHUD.h; sourceTree = "<group>"; };
		296DD5E71A1F557900AB9F8C /* ProgressHUD.m */ = {isa = PBXFileReference; fileEncoding = 4; lastKnownFileType = sourcecode.c.objc; path = ProgressHUD.m; sourceTree = "<group>"; };
		297F95781A3C48FD006D3E6C /* JSQMessagesAssets.bundle */ = {isa = PBXFileReference; lastKnownFileType = "wrapper.plug-in"; path = JSQMessagesAssets.bundle; sourceTree = "<group>"; };
		297F957B1A3C48FD006D3E6C /* Base */ = {isa = PBXFileReference; lastKnownFileType = text.plist.strings; name = Base; path = Base.lproj/JSQMessages.strings; sourceTree = "<group>"; };
		297F957C1A3C48FD006D3E6C /* de */ = {isa = PBXFileReference; lastKnownFileType = text.plist.strings; name = de; path = de.lproj/JSQMessages.strings; sourceTree = "<group>"; };
		297F957D1A3C48FD006D3E6C /* en */ = {isa = PBXFileReference; lastKnownFileType = text.plist.strings; name = en; path = en.lproj/JSQMessages.strings; sourceTree = "<group>"; };
		297F957E1A3C48FD006D3E6C /* es */ = {isa = PBXFileReference; lastKnownFileType = text.plist.strings; name = es; path = es.lproj/JSQMessages.strings; sourceTree = "<group>"; };
		297F957F1A3C48FD006D3E6C /* fr */ = {isa = PBXFileReference; lastKnownFileType = text.plist.strings; name = fr; path = fr.lproj/JSQMessages.strings; sourceTree = "<group>"; };
		297F95801A3C48FD006D3E6C /* he */ = {isa = PBXFileReference; lastKnownFileType = text.plist.strings; name = he; path = he.lproj/JSQMessages.strings; sourceTree = "<group>"; };
		297F95811A3C48FD006D3E6C /* it */ = {isa = PBXFileReference; lastKnownFileType = text.plist.strings; name = it; path = it.lproj/JSQMessages.strings; sourceTree = "<group>"; };
		297F95821A3C48FD006D3E6C /* nl */ = {isa = PBXFileReference; lastKnownFileType = text.plist.strings; name = nl; path = nl.lproj/JSQMessages.strings; sourceTree = "<group>"; };
		297F95831A3C48FD006D3E6C /* pl */ = {isa = PBXFileReference; lastKnownFileType = text.plist.strings; name = pl; path = pl.lproj/JSQMessages.strings; sourceTree = "<group>"; };
		297F95841A3C48FD006D3E6C /* pt */ = {isa = PBXFileReference; lastKnownFileType = text.plist.strings; name = pt; path = pt.lproj/JSQMessages.strings; sourceTree = "<group>"; };
		297F95851A3C48FD006D3E6C /* ro */ = {isa = PBXFileReference; lastKnownFileType = text.plist.strings; name = ro; path = ro.lproj/JSQMessages.strings; sourceTree = "<group>"; };
		297F95861A3C48FD006D3E6C /* ru */ = {isa = PBXFileReference; lastKnownFileType = text.plist.strings; name = ru; path = ru.lproj/JSQMessages.strings; sourceTree = "<group>"; };
		297F95871A3C48FD006D3E6C /* tr */ = {isa = PBXFileReference; lastKnownFileType = text.plist.strings; name = tr; path = tr.lproj/JSQMessages.strings; sourceTree = "<group>"; };
		297F95881A3C48FD006D3E6C /* zh-Hans */ = {isa = PBXFileReference; lastKnownFileType = text.plist.strings; name = "zh-Hans"; path = "zh-Hans.lproj/JSQMessages.strings"; sourceTree = "<group>"; };
		297F95891A3C48FD006D3E6C /* zh-Hant */ = {isa = PBXFileReference; lastKnownFileType = text.plist.strings; name = "zh-Hant"; path = "zh-Hant.lproj/JSQMessages.strings"; sourceTree = "<group>"; };
		297F958B1A3C48FD006D3E6C /* JSQSystemSoundPlayer+JSQMessages.h */ = {isa = PBXFileReference; fileEncoding = 4; lastKnownFileType = sourcecode.c.h; path = "JSQSystemSoundPlayer+JSQMessages.h"; sourceTree = "<group>"; };
		297F958C1A3C48FD006D3E6C /* JSQSystemSoundPlayer+JSQMessages.m */ = {isa = PBXFileReference; fileEncoding = 4; lastKnownFileType = sourcecode.c.objc; path = "JSQSystemSoundPlayer+JSQMessages.m"; sourceTree = "<group>"; };
		297F958D1A3C48FD006D3E6C /* NSString+JSQMessages.h */ = {isa = PBXFileReference; fileEncoding = 4; lastKnownFileType = sourcecode.c.h; path = "NSString+JSQMessages.h"; sourceTree = "<group>"; };
		297F958E1A3C48FD006D3E6C /* NSString+JSQMessages.m */ = {isa = PBXFileReference; fileEncoding = 4; lastKnownFileType = sourcecode.c.objc; path = "NSString+JSQMessages.m"; sourceTree = "<group>"; };
		297F958F1A3C48FD006D3E6C /* UIColor+JSQMessages.h */ = {isa = PBXFileReference; fileEncoding = 4; lastKnownFileType = sourcecode.c.h; path = "UIColor+JSQMessages.h"; sourceTree = "<group>"; };
		297F95901A3C48FD006D3E6C /* UIColor+JSQMessages.m */ = {isa = PBXFileReference; fileEncoding = 4; lastKnownFileType = sourcecode.c.objc; path = "UIColor+JSQMessages.m"; sourceTree = "<group>"; };
		297F95911A3C48FD006D3E6C /* UIDevice+JSQMessages.h */ = {isa = PBXFileReference; fileEncoding = 4; lastKnownFileType = sourcecode.c.h; path = "UIDevice+JSQMessages.h"; sourceTree = "<group>"; };
		297F95921A3C48FD006D3E6C /* UIDevice+JSQMessages.m */ = {isa = PBXFileReference; fileEncoding = 4; lastKnownFileType = sourcecode.c.objc; path = "UIDevice+JSQMessages.m"; sourceTree = "<group>"; };
		297F95931A3C48FD006D3E6C /* UIImage+JSQMessages.h */ = {isa = PBXFileReference; fileEncoding = 4; lastKnownFileType = sourcecode.c.h; path = "UIImage+JSQMessages.h"; sourceTree = "<group>"; };
		297F95941A3C48FD006D3E6C /* UIImage+JSQMessages.m */ = {isa = PBXFileReference; fileEncoding = 4; lastKnownFileType = sourcecode.c.objc; path = "UIImage+JSQMessages.m"; sourceTree = "<group>"; };
		297F95951A3C48FD006D3E6C /* UIView+JSQMessages.h */ = {isa = PBXFileReference; fileEncoding = 4; lastKnownFileType = sourcecode.c.h; path = "UIView+JSQMessages.h"; sourceTree = "<group>"; };
		297F95961A3C48FD006D3E6C /* UIView+JSQMessages.m */ = {isa = PBXFileReference; fileEncoding = 4; lastKnownFileType = sourcecode.c.objc; path = "UIView+JSQMessages.m"; sourceTree = "<group>"; };
		297F95981A3C48FD006D3E6C /* JSQMessagesKeyboardController.h */ = {isa = PBXFileReference; fileEncoding = 4; lastKnownFileType = sourcecode.c.h; path = JSQMessagesKeyboardController.h; sourceTree = "<group>"; };
		297F95991A3C48FD006D3E6C /* JSQMessagesKeyboardController.m */ = {isa = PBXFileReference; fileEncoding = 4; lastKnownFileType = sourcecode.c.objc; path = JSQMessagesKeyboardController.m; sourceTree = "<group>"; };
		297F959A1A3C48FD006D3E6C /* JSQMessagesViewController.h */ = {isa = PBXFileReference; fileEncoding = 4; lastKnownFileType = sourcecode.c.h; path = JSQMessagesViewController.h; sourceTree = "<group>"; };
		297F959B1A3C48FD006D3E6C /* JSQMessagesViewController.m */ = {isa = PBXFileReference; fileEncoding = 4; lastKnownFileType = sourcecode.c.objc; path = JSQMessagesViewController.m; sourceTree = "<group>"; };
		297F959C1A3C48FD006D3E6C /* JSQMessagesViewController.xib */ = {isa = PBXFileReference; fileEncoding = 4; lastKnownFileType = file.xib; path = JSQMessagesViewController.xib; sourceTree = "<group>"; };
		297F959E1A3C48FD006D3E6C /* JSQMessagesAvatarImageFactory.h */ = {isa = PBXFileReference; fileEncoding = 4; lastKnownFileType = sourcecode.c.h; path = JSQMessagesAvatarImageFactory.h; sourceTree = "<group>"; };
		297F959F1A3C48FD006D3E6C /* JSQMessagesAvatarImageFactory.m */ = {isa = PBXFileReference; fileEncoding = 4; lastKnownFileType = sourcecode.c.objc; path = JSQMessagesAvatarImageFactory.m; sourceTree = "<group>"; };
		297F95A01A3C48FD006D3E6C /* JSQMessagesBubbleImageFactory.h */ = {isa = PBXFileReference; fileEncoding = 4; lastKnownFileType = sourcecode.c.h; path = JSQMessagesBubbleImageFactory.h; sourceTree = "<group>"; };
		297F95A11A3C48FD006D3E6C /* JSQMessagesBubbleImageFactory.m */ = {isa = PBXFileReference; fileEncoding = 4; lastKnownFileType = sourcecode.c.objc; path = JSQMessagesBubbleImageFactory.m; sourceTree = "<group>"; };
		297F95A21A3C48FD006D3E6C /* JSQMessagesMediaViewBubbleImageMasker.h */ = {isa = PBXFileReference; fileEncoding = 4; lastKnownFileType = sourcecode.c.h; path = JSQMessagesMediaViewBubbleImageMasker.h; sourceTree = "<group>"; };
		297F95A31A3C48FD006D3E6C /* JSQMessagesMediaViewBubbleImageMasker.m */ = {isa = PBXFileReference; fileEncoding = 4; lastKnownFileType = sourcecode.c.objc; path = JSQMessagesMediaViewBubbleImageMasker.m; sourceTree = "<group>"; };
		297F95A41A3C48FD006D3E6C /* JSQMessagesTimestampFormatter.h */ = {isa = PBXFileReference; fileEncoding = 4; lastKnownFileType = sourcecode.c.h; path = JSQMessagesTimestampFormatter.h; sourceTree = "<group>"; };
		297F95A51A3C48FD006D3E6C /* JSQMessagesTimestampFormatter.m */ = {isa = PBXFileReference; fileEncoding = 4; lastKnownFileType = sourcecode.c.objc; path = JSQMessagesTimestampFormatter.m; sourceTree = "<group>"; };
		297F95A61A3C48FD006D3E6C /* JSQMessagesToolbarButtonFactory.h */ = {isa = PBXFileReference; fileEncoding = 4; lastKnownFileType = sourcecode.c.h; path = JSQMessagesToolbarButtonFactory.h; sourceTree = "<group>"; };
		297F95A71A3C48FD006D3E6C /* JSQMessagesToolbarButtonFactory.m */ = {isa = PBXFileReference; fileEncoding = 4; lastKnownFileType = sourcecode.c.objc; path = JSQMessagesToolbarButtonFactory.m; sourceTree = "<group>"; };
		297F95A81A3C48FD006D3E6C /* JSQMessages.h */ = {isa = PBXFileReference; fileEncoding = 4; lastKnownFileType = sourcecode.c.h; path = JSQMessages.h; sourceTree = "<group>"; };
		297F95AA1A3C48FD006D3E6C /* JSQMessagesCollectionViewFlowLayout.h */ = {isa = PBXFileReference; fileEncoding = 4; lastKnownFileType = sourcecode.c.h; path = JSQMessagesCollectionViewFlowLayout.h; sourceTree = "<group>"; };
		297F95AB1A3C48FD006D3E6C /* JSQMessagesCollectionViewFlowLayout.m */ = {isa = PBXFileReference; fileEncoding = 4; lastKnownFileType = sourcecode.c.objc; path = JSQMessagesCollectionViewFlowLayout.m; sourceTree = "<group>"; };
		297F95AC1A3C48FD006D3E6C /* JSQMessagesCollectionViewFlowLayoutInvalidationContext.h */ = {isa = PBXFileReference; fileEncoding = 4; lastKnownFileType = sourcecode.c.h; path = JSQMessagesCollectionViewFlowLayoutInvalidationContext.h; sourceTree = "<group>"; };
		297F95AD1A3C48FD006D3E6C /* JSQMessagesCollectionViewFlowLayoutInvalidationContext.m */ = {isa = PBXFileReference; fileEncoding = 4; lastKnownFileType = sourcecode.c.objc; path = JSQMessagesCollectionViewFlowLayoutInvalidationContext.m; sourceTree = "<group>"; };
		297F95AE1A3C48FD006D3E6C /* JSQMessagesCollectionViewLayoutAttributes.h */ = {isa = PBXFileReference; fileEncoding = 4; lastKnownFileType = sourcecode.c.h; path = JSQMessagesCollectionViewLayoutAttributes.h; sourceTree = "<group>"; };
		297F95AF1A3C48FD006D3E6C /* JSQMessagesCollectionViewLayoutAttributes.m */ = {isa = PBXFileReference; fileEncoding = 4; lastKnownFileType = sourcecode.c.objc; path = JSQMessagesCollectionViewLayoutAttributes.m; sourceTree = "<group>"; };
		297F95B11A3C48FD006D3E6C /* JSQLocationMediaItem.h */ = {isa = PBXFileReference; fileEncoding = 4; lastKnownFileType = sourcecode.c.h; path = JSQLocationMediaItem.h; sourceTree = "<group>"; };
		297F95B21A3C48FD006D3E6C /* JSQLocationMediaItem.m */ = {isa = PBXFileReference; fileEncoding = 4; lastKnownFileType = sourcecode.c.objc; path = JSQLocationMediaItem.m; sourceTree = "<group>"; };
		297F95B31A3C48FD006D3E6C /* JSQMediaItem.h */ = {isa = PBXFileReference; fileEncoding = 4; lastKnownFileType = sourcecode.c.h; path = JSQMediaItem.h; sourceTree = "<group>"; };
		297F95B41A3C48FD006D3E6C /* JSQMediaItem.m */ = {isa = PBXFileReference; fileEncoding = 4; lastKnownFileType = sourcecode.c.objc; path = JSQMediaItem.m; sourceTree = "<group>"; };
		297F95B51A3C48FD006D3E6C /* JSQMessage.h */ = {isa = PBXFileReference; fileEncoding = 4; lastKnownFileType = sourcecode.c.h; path = JSQMessage.h; sourceTree = "<group>"; };
		297F95B61A3C48FD006D3E6C /* JSQMessage.m */ = {isa = PBXFileReference; fileEncoding = 4; lastKnownFileType = sourcecode.c.objc; path = JSQMessage.m; sourceTree = "<group>"; };
		297F95B71A3C48FD006D3E6C /* JSQMessageAvatarImageDataSource.h */ = {isa = PBXFileReference; fileEncoding = 4; lastKnownFileType = sourcecode.c.h; path = JSQMessageAvatarImageDataSource.h; sourceTree = "<group>"; };
		297F95B81A3C48FD006D3E6C /* JSQMessageBubbleImageDataSource.h */ = {isa = PBXFileReference; fileEncoding = 4; lastKnownFileType = sourcecode.c.h; path = JSQMessageBubbleImageDataSource.h; sourceTree = "<group>"; };
		297F95B91A3C48FD006D3E6C /* JSQMessageData.h */ = {isa = PBXFileReference; fileEncoding = 4; lastKnownFileType = sourcecode.c.h; path = JSQMessageData.h; sourceTree = "<group>"; };
		297F95BA1A3C48FD006D3E6C /* JSQMessageMediaData.h */ = {isa = PBXFileReference; fileEncoding = 4; lastKnownFileType = sourcecode.c.h; path = JSQMessageMediaData.h; sourceTree = "<group>"; };
		297F95BB1A3C48FD006D3E6C /* JSQMessagesAvatarImage.h */ = {isa = PBXFileReference; fileEncoding = 4; lastKnownFileType = sourcecode.c.h; path = JSQMessagesAvatarImage.h; sourceTree = "<group>"; };
		297F95BC1A3C48FD006D3E6C /* JSQMessagesAvatarImage.m */ = {isa = PBXFileReference; fileEncoding = 4; lastKnownFileType = sourcecode.c.objc; path = JSQMessagesAvatarImage.m; sourceTree = "<group>"; };
		297F95BD1A3C48FD006D3E6C /* JSQMessagesBubbleImage.h */ = {isa = PBXFileReference; fileEncoding = 4; lastKnownFileType = sourcecode.c.h; path = JSQMessagesBubbleImage.h; sourceTree = "<group>"; };
		297F95BE1A3C48FD006D3E6C /* JSQMessagesBubbleImage.m */ = {isa = PBXFileReference; fileEncoding = 4; lastKnownFileType = sourcecode.c.objc; path = JSQMessagesBubbleImage.m; sourceTree = "<group>"; };
		297F95BF1A3C48FD006D3E6C /* JSQMessagesCollectionViewDataSource.h */ = {isa = PBXFileReference; fileEncoding = 4; lastKnownFileType = sourcecode.c.h; path = JSQMessagesCollectionViewDataSource.h; sourceTree = "<group>"; };
		297F95C01A3C48FD006D3E6C /* JSQMessagesCollectionViewDelegateFlowLayout.h */ = {isa = PBXFileReference; fileEncoding = 4; lastKnownFileType = sourcecode.c.h; path = JSQMessagesCollectionViewDelegateFlowLayout.h; sourceTree = "<group>"; };
		297F95C11A3C48FD006D3E6C /* JSQPhotoMediaItem.h */ = {isa = PBXFileReference; fileEncoding = 4; lastKnownFileType = sourcecode.c.h; path = JSQPhotoMediaItem.h; sourceTree = "<group>"; };
		297F95C21A3C48FD006D3E6C /* JSQPhotoMediaItem.m */ = {isa = PBXFileReference; fileEncoding = 4; lastKnownFileType = sourcecode.c.objc; path = JSQPhotoMediaItem.m; sourceTree = "<group>"; };
		297F95C31A3C48FD006D3E6C /* JSQVideoMediaItem.h */ = {isa = PBXFileReference; fileEncoding = 4; lastKnownFileType = sourcecode.c.h; path = JSQVideoMediaItem.h; sourceTree = "<group>"; };
		297F95C41A3C48FD006D3E6C /* JSQVideoMediaItem.m */ = {isa = PBXFileReference; fileEncoding = 4; lastKnownFileType = sourcecode.c.objc; path = JSQVideoMediaItem.m; sourceTree = "<group>"; };
		297F95C61A3C48FD006D3E6C /* JSQMessagesCellTextView.h */ = {isa = PBXFileReference; fileEncoding = 4; lastKnownFileType = sourcecode.c.h; path = JSQMessagesCellTextView.h; sourceTree = "<group>"; };
		297F95C71A3C48FD006D3E6C /* JSQMessagesCellTextView.m */ = {isa = PBXFileReference; fileEncoding = 4; lastKnownFileType = sourcecode.c.objc; path = JSQMessagesCellTextView.m; sourceTree = "<group>"; };
		297F95C81A3C48FD006D3E6C /* JSQMessagesCollectionView.h */ = {isa = PBXFileReference; fileEncoding = 4; lastKnownFileType = sourcecode.c.h; path = JSQMessagesCollectionView.h; sourceTree = "<group>"; };
		297F95C91A3C48FD006D3E6C /* JSQMessagesCollectionView.m */ = {isa = PBXFileReference; fileEncoding = 4; lastKnownFileType = sourcecode.c.objc; path = JSQMessagesCollectionView.m; sourceTree = "<group>"; };
		297F95CA1A3C48FD006D3E6C /* JSQMessagesCollectionViewCell.h */ = {isa = PBXFileReference; fileEncoding = 4; lastKnownFileType = sourcecode.c.h; path = JSQMessagesCollectionViewCell.h; sourceTree = "<group>"; };
		297F95CB1A3C48FD006D3E6C /* JSQMessagesCollectionViewCell.m */ = {isa = PBXFileReference; fileEncoding = 4; lastKnownFileType = sourcecode.c.objc; path = JSQMessagesCollectionViewCell.m; sourceTree = "<group>"; };
		297F95CC1A3C48FD006D3E6C /* JSQMessagesCollectionViewCellIncoming.h */ = {isa = PBXFileReference; fileEncoding = 4; lastKnownFileType = sourcecode.c.h; path = JSQMessagesCollectionViewCellIncoming.h; sourceTree = "<group>"; };
		297F95CD1A3C48FD006D3E6C /* JSQMessagesCollectionViewCellIncoming.m */ = {isa = PBXFileReference; fileEncoding = 4; lastKnownFileType = sourcecode.c.objc; path = JSQMessagesCollectionViewCellIncoming.m; sourceTree = "<group>"; };
		297F95CE1A3C48FD006D3E6C /* JSQMessagesCollectionViewCellIncoming.xib */ = {isa = PBXFileReference; fileEncoding = 4; lastKnownFileType = file.xib; path = JSQMessagesCollectionViewCellIncoming.xib; sourceTree = "<group>"; };
		297F95CF1A3C48FD006D3E6C /* JSQMessagesCollectionViewCellOutgoing.h */ = {isa = PBXFileReference; fileEncoding = 4; lastKnownFileType = sourcecode.c.h; path = JSQMessagesCollectionViewCellOutgoing.h; sourceTree = "<group>"; };
		297F95D01A3C48FD006D3E6C /* JSQMessagesCollectionViewCellOutgoing.m */ = {isa = PBXFileReference; fileEncoding = 4; lastKnownFileType = sourcecode.c.objc; path = JSQMessagesCollectionViewCellOutgoing.m; sourceTree = "<group>"; };
		297F95D11A3C48FD006D3E6C /* JSQMessagesCollectionViewCellOutgoing.xib */ = {isa = PBXFileReference; fileEncoding = 4; lastKnownFileType = file.xib; path = JSQMessagesCollectionViewCellOutgoing.xib; sourceTree = "<group>"; };
		297F95D21A3C48FD006D3E6C /* JSQMessagesComposerTextView.h */ = {isa = PBXFileReference; fileEncoding = 4; lastKnownFileType = sourcecode.c.h; path = JSQMessagesComposerTextView.h; sourceTree = "<group>"; };
		297F95D31A3C48FD006D3E6C /* JSQMessagesComposerTextView.m */ = {isa = PBXFileReference; fileEncoding = 4; lastKnownFileType = sourcecode.c.objc; path = JSQMessagesComposerTextView.m; sourceTree = "<group>"; };
		297F95D41A3C48FD006D3E6C /* JSQMessagesInputToolbar.h */ = {isa = PBXFileReference; fileEncoding = 4; lastKnownFileType = sourcecode.c.h; path = JSQMessagesInputToolbar.h; sourceTree = "<group>"; };
		297F95D51A3C48FD006D3E6C /* JSQMessagesInputToolbar.m */ = {isa = PBXFileReference; fileEncoding = 4; lastKnownFileType = sourcecode.c.objc; path = JSQMessagesInputToolbar.m; sourceTree = "<group>"; };
		297F95D61A3C48FD006D3E6C /* JSQMessagesLabel.h */ = {isa = PBXFileReference; fileEncoding = 4; lastKnownFileType = sourcecode.c.h; path = JSQMessagesLabel.h; sourceTree = "<group>"; };
		297F95D71A3C48FD006D3E6C /* JSQMessagesLabel.m */ = {isa = PBXFileReference; fileEncoding = 4; lastKnownFileType = sourcecode.c.objc; path = JSQMessagesLabel.m; sourceTree = "<group>"; };
		297F95D81A3C48FD006D3E6C /* JSQMessagesLoadEarlierHeaderView.h */ = {isa = PBXFileReference; fileEncoding = 4; lastKnownFileType = sourcecode.c.h; path = JSQMessagesLoadEarlierHeaderView.h; sourceTree = "<group>"; };
		297F95D91A3C48FD006D3E6C /* JSQMessagesLoadEarlierHeaderView.m */ = {isa = PBXFileReference; fileEncoding = 4; lastKnownFileType = sourcecode.c.objc; path = JSQMessagesLoadEarlierHeaderView.m; sourceTree = "<group>"; };
		297F95DA1A3C48FD006D3E6C /* JSQMessagesLoadEarlierHeaderView.xib */ = {isa = PBXFileReference; fileEncoding = 4; lastKnownFileType = file.xib; path = JSQMessagesLoadEarlierHeaderView.xib; sourceTree = "<group>"; };
		297F95DB1A3C48FD006D3E6C /* JSQMessagesMediaPlaceholderView.h */ = {isa = PBXFileReference; fileEncoding = 4; lastKnownFileType = sourcecode.c.h; path = JSQMessagesMediaPlaceholderView.h; sourceTree = "<group>"; };
		297F95DC1A3C48FD006D3E6C /* JSQMessagesMediaPlaceholderView.m */ = {isa = PBXFileReference; fileEncoding = 4; lastKnownFileType = sourcecode.c.objc; path = JSQMessagesMediaPlaceholderView.m; sourceTree = "<group>"; };
		297F95DD1A3C48FD006D3E6C /* JSQMessagesToolbarContentView.h */ = {isa = PBXFileReference; fileEncoding = 4; lastKnownFileType = sourcecode.c.h; path = JSQMessagesToolbarContentView.h; sourceTree = "<group>"; };
		297F95DE1A3C48FD006D3E6C /* JSQMessagesToolbarContentView.m */ = {isa = PBXFileReference; fileEncoding = 4; lastKnownFileType = sourcecode.c.objc; path = JSQMessagesToolbarContentView.m; sourceTree = "<group>"; };
		297F95DF1A3C48FD006D3E6C /* JSQMessagesToolbarContentView.xib */ = {isa = PBXFileReference; fileEncoding = 4; lastKnownFileType = file.xib; path = JSQMessagesToolbarContentView.xib; sourceTree = "<group>"; };
		297F95E01A3C48FD006D3E6C /* JSQMessagesTypingIndicatorFooterView.h */ = {isa = PBXFileReference; fileEncoding = 4; lastKnownFileType = sourcecode.c.h; path = JSQMessagesTypingIndicatorFooterView.h; sourceTree = "<group>"; };
		297F95E11A3C48FD006D3E6C /* JSQMessagesTypingIndicatorFooterView.m */ = {isa = PBXFileReference; fileEncoding = 4; lastKnownFileType = sourcecode.c.objc; path = JSQMessagesTypingIndicatorFooterView.m; sourceTree = "<group>"; };
		297F95E21A3C48FD006D3E6C /* JSQMessagesTypingIndicatorFooterView.xib */ = {isa = PBXFileReference; fileEncoding = 4; lastKnownFileType = file.xib; path = JSQMessagesTypingIndicatorFooterView.xib; sourceTree = "<group>"; };
		2998B4131A1F7CC900C95A00 /* Firebase.framework */ = {isa = PBXFileReference; lastKnownFileType = wrapper.framework; path = Firebase.framework; sourceTree = "<group>"; };
		2998B4151A1F7F3000C95A00 /* libicucore.dylib */ = {isa = PBXFileReference; lastKnownFileType = "compiled.mach-o.dylib"; name = libicucore.dylib; path = usr/lib/libicucore.dylib; sourceTree = SDKROOT; };
		2998B4171A1F7F3700C95A00 /* libc++.dylib */ = {isa = PBXFileReference; lastKnownFileType = "compiled.mach-o.dylib"; name = "libc++.dylib"; path = "usr/lib/libc++.dylib"; sourceTree = SDKROOT; };
		2998B4211A1F7F7900C95A00 /* Social.framework */ = {isa = PBXFileReference; lastKnownFileType = wrapper.framework; name = Social.framework; path = System/Library/Frameworks/Social.framework; sourceTree = SDKROOT; };
		2999F3BC1A3C3ECD00147194 /* NavigationController.h */ = {isa = PBXFileReference; fileEncoding = 4; lastKnownFileType = sourcecode.c.h; path = NavigationController.h; sourceTree = "<group>"; };
		2999F3BD1A3C3ECD00147194 /* NavigationController.m */ = {isa = PBXFileReference; fileEncoding = 4; lastKnownFileType = sourcecode.c.objc; path = NavigationController.m; sourceTree = "<group>"; };
		2999F3BF1A3C3ECD00147194 /* ChatView.h */ = {isa = PBXFileReference; fileEncoding = 4; lastKnownFileType = sourcecode.c.h; path = ChatView.h; sourceTree = "<group>"; };
		2999F3C01A3C3ECD00147194 /* ChatView.m */ = {isa = PBXFileReference; fileEncoding = 4; lastKnownFileType = sourcecode.c.objc; path = ChatView.m; sourceTree = "<group>"; };
		2999F3C31A3C3ECD00147194 /* GroupView.h */ = {isa = PBXFileReference; fileEncoding = 4; lastKnownFileType = sourcecode.c.h; path = GroupView.h; sourceTree = "<group>"; };
		2999F3C41A3C3ECD00147194 /* GroupView.m */ = {isa = PBXFileReference; fileEncoding = 4; lastKnownFileType = sourcecode.c.objc; path = GroupView.m; sourceTree = "<group>"; };
		2999F3C61A3C3ECD00147194 /* PrivateView.h */ = {isa = PBXFileReference; fileEncoding = 4; lastKnownFileType = sourcecode.c.h; path = PrivateView.h; sourceTree = "<group>"; };
		2999F3C71A3C3ECD00147194 /* PrivateView.m */ = {isa = PBXFileReference; fileEncoding = 4; lastKnownFileType = sourcecode.c.objc; path = PrivateView.m; sourceTree = "<group>"; };
		2999F3C81A3C3ECD00147194 /* PrivateView.xib */ = {isa = PBXFileReference; fileEncoding = 4; lastKnownFileType = file.xib; path = PrivateView.xib; sourceTree = "<group>"; };
		2999F3CA1A3C3ECD00147194 /* MessagesCell.h */ = {isa = PBXFileReference; fileEncoding = 4; lastKnownFileType = sourcecode.c.h; path = MessagesCell.h; sourceTree = "<group>"; };
		2999F3CB1A3C3ECD00147194 /* MessagesCell.m */ = {isa = PBXFileReference; fileEncoding = 4; lastKnownFileType = sourcecode.c.objc; path = MessagesCell.m; sourceTree = "<group>"; };
		2999F3CC1A3C3ECD00147194 /* MessagesCell.xib */ = {isa = PBXFileReference; fileEncoding = 4; lastKnownFileType = file.xib; path = MessagesCell.xib; sourceTree = "<group>"; };
		2999F3CD1A3C3ECD00147194 /* MessagesView.h */ = {isa = PBXFileReference; fileEncoding = 4; lastKnownFileType = sourcecode.c.h; path = MessagesView.h; sourceTree = "<group>"; };
		2999F3CE1A3C3ECD00147194 /* MessagesView.m */ = {isa = PBXFileReference; fileEncoding = 4; lastKnownFileType = sourcecode.c.objc; path = MessagesView.m; sourceTree = "<group>"; };
		2999F3CF1A3C3ECD00147194 /* MessagesView.xib */ = {isa = PBXFileReference; fileEncoding = 4; lastKnownFileType = file.xib; path = MessagesView.xib; sourceTree = "<group>"; };
		2999F3D11A3C3ECD00147194 /* ProfileView.h */ = {isa = PBXFileReference; fileEncoding = 4; lastKnownFileType = sourcecode.c.h; path = ProfileView.h; sourceTree = "<group>"; };
		2999F3D21A3C3ECD00147194 /* ProfileView.m */ = {isa = PBXFileReference; fileEncoding = 4; lastKnownFileType = sourcecode.c.objc; path = ProfileView.m; sourceTree = "<group>"; };
		2999F3D31A3C3ECD00147194 /* ProfileView.xib */ = {isa = PBXFileReference; fileEncoding = 4; lastKnownFileType = file.xib; path = ProfileView.xib; sourceTree = "<group>"; };
		2999F3D51A3C3ECD00147194 /* LoginView.h */ = {isa = PBXFileReference; fileEncoding = 4; lastKnownFileType = sourcecode.c.h; path = LoginView.h; sourceTree = "<group>"; };
		2999F3D61A3C3ECD00147194 /* LoginView.m */ = {isa = PBXFileReference; fileEncoding = 4; lastKnownFileType = sourcecode.c.objc; path = LoginView.m; sourceTree = "<group>"; };
		2999F3D71A3C3ECD00147194 /* LoginView.xib */ = {isa = PBXFileReference; fileEncoding = 4; lastKnownFileType = file.xib; path = LoginView.xib; sourceTree = "<group>"; };
		2999F3D81A3C3ECD00147194 /* RegisterView.h */ = {isa = PBXFileReference; fileEncoding = 4; lastKnownFileType = sourcecode.c.h; path = RegisterView.h; sourceTree = "<group>"; };
		2999F3D91A3C3ECD00147194 /* RegisterView.m */ = {isa = PBXFileReference; fileEncoding = 4; lastKnownFileType = sourcecode.c.objc; path = RegisterView.m; sourceTree = "<group>"; };
		2999F3DA1A3C3ECD00147194 /* RegisterView.xib */ = {isa = PBXFileReference; fileEncoding = 4; lastKnownFileType = file.xib; path = RegisterView.xib; sourceTree = "<group>"; };
		2999F3DB1A3C3ECD00147194 /* WelcomeView.h */ = {isa = PBXFileReference; fileEncoding = 4; lastKnownFileType = sourcecode.c.h; path = WelcomeView.h; sourceTree = "<group>"; };
		2999F3DC1A3C3ECD00147194 /* WelcomeView.m */ = {isa = PBXFileReference; fileEncoding = 4; lastKnownFileType = sourcecode.c.objc; path = WelcomeView.m; sourceTree = "<group>"; };
		2999F3DD1A3C3ECD00147194 /* WelcomeView.xib */ = {isa = PBXFileReference; fileEncoding = 4; lastKnownFileType = file.xib; path = WelcomeView.xib; sourceTree = "<group>"; };
		2999F3DF1A3C3ECD00147194 /* camera.h */ = {isa = PBXFileReference; fileEncoding = 4; lastKnownFileType = sourcecode.c.h; path = camera.h; sourceTree = "<group>"; };
		2999F3E01A3C3ECD00147194 /* camera.m */ = {isa = PBXFileReference; fileEncoding = 4; lastKnownFileType = sourcecode.c.objc; path = camera.m; sourceTree = "<group>"; };
		2999F3E11A3C3ECD00147194 /* messages.h */ = {isa = PBXFileReference; fileEncoding = 4; lastKnownFileType = sourcecode.c.h; path = messages.h; sourceTree = "<group>"; };
		2999F3E21A3C3ECD00147194 /* messages.m */ = {isa = PBXFileReference; fileEncoding = 4; lastKnownFileType = sourcecode.c.objc; path = messages.m; sourceTree = "<group>"; };
		2999F3E31A3C3ECD00147194 /* pushnotification.h */ = {isa = PBXFileReference; fileEncoding = 4; lastKnownFileType = sourcecode.c.h; path = pushnotification.h; sourceTree = "<group>"; };
		2999F3E41A3C3ECD00147194 /* pushnotification.m */ = {isa = PBXFileReference; fileEncoding = 4; lastKnownFileType = sourcecode.c.objc; path = pushnotification.m; sourceTree = "<group>"; };
		2999F3E51A3C3ECD00147194 /* utilities.h */ = {isa = PBXFileReference; fileEncoding = 4; lastKnownFileType = sourcecode.c.h; path = utilities.h; sourceTree = "<group>"; };
		2999F3E61A3C3ECD00147194 /* utilities.m */ = {isa = PBXFileReference; fileEncoding = 4; lastKnownFileType = sourcecode.c.objc; path = utilities.m; sourceTree = "<group>"; };
		29B6DDC01A3C3C5700D38CD9 /* chat_blank@2x.png */ = {isa = PBXFileReference; lastKnownFileType = image.png; path = "chat_blank@2x.png"; sourceTree = "<group>"; };
		29B6DDC11A3C3C5700D38CD9 /* messages_blank@2x.png */ = {isa = PBXFileReference; lastKnownFileType = image.png; path = "messages_blank@2x.png"; sourceTree = "<group>"; };
		29B6DDC21A3C3C5700D38CD9 /* profile_blank@2x.png */ = {isa = PBXFileReference; lastKnownFileType = image.png; path = "profile_blank@2x.png"; sourceTree = "<group>"; };
		29B6DDC31A3C3C5700D38CD9 /* tab_group@2x.png */ = {isa = PBXFileReference; lastKnownFileType = image.png; path = "tab_group@2x.png"; sourceTree = "<group>"; };
		29B6DDC41A3C3C5700D38CD9 /* tab_messages@2x.png */ = {isa = PBXFileReference; lastKnownFileType = image.png; path = "tab_messages@2x.png"; sourceTree = "<group>"; };
		29B6DDC51A3C3C5700D38CD9 /* tab_private@2x.png */ = {isa = PBXFileReference; lastKnownFileType = image.png; path = "tab_private@2x.png"; sourceTree = "<group>"; };
		29B6DDC61A3C3C5700D38CD9 /* tab_profile@2x.png */ = {isa = PBXFileReference; lastKnownFileType = image.png; path = "tab_profile@2x.png"; sourceTree = "<group>"; };
		29EB240519E9292500D7AA97 /* app.app */ = {isa = PBXFileReference; explicitFileType = wrapper.application; includeInIndex = 0; path = app.app; sourceTree = BUILT_PRODUCTS_DIR; };
		29EB240919E9292500D7AA97 /* Info.plist */ = {isa = PBXFileReference; lastKnownFileType = text.plist.xml; path = Info.plist; sourceTree = "<group>"; };
		29EB240A19E9292500D7AA97 /* main.m */ = {isa = PBXFileReference; lastKnownFileType = sourcecode.c.objc; path = main.m; sourceTree = "<group>"; };
		29EB240C19E9292500D7AA97 /* AppDelegate.h */ = {isa = PBXFileReference; lastKnownFileType = sourcecode.c.h; path = AppDelegate.h; sourceTree = "<group>"; };
		29EB240D19E9292500D7AA97 /* AppDelegate.m */ = {isa = PBXFileReference; lastKnownFileType = sourcecode.c.objc; path = AppDelegate.m; sourceTree = "<group>"; };
		29EB241519E9292500D7AA97 /* Images.xcassets */ = {isa = PBXFileReference; lastKnownFileType = folder.assetcatalog; path = Images.xcassets; sourceTree = "<group>"; };
		29EB241819E9292500D7AA97 /* Base */ = {isa = PBXFileReference; lastKnownFileType = file.xib; name = Base; path = Base.lproj/LaunchScreen.xib; sourceTree = "<group>"; };
		29EB243419E9297900D7AA97 /* Parse.framework */ = {isa = PBXFileReference; lastKnownFileType = wrapper.framework; path = Parse.framework; sourceTree = "<group>"; };
		29EB243519E9297900D7AA97 /* ParseFacebookUtils.framework */ = {isa = PBXFileReference; lastKnownFileType = wrapper.framework; path = ParseFacebookUtils.framework; sourceTree = "<group>"; };
		29EB254F19E92ACD00D7AA97 /* AppConstant.h */ = {isa = PBXFileReference; fileEncoding = 4; lastKnownFileType = sourcecode.c.h; path = AppConstant.h; sourceTree = "<group>"; };
		29EB255019E92B3600D7AA97 /* FacebookSDK.framework */ = {isa = PBXFileReference; lastKnownFileType = wrapper.framework; path = FacebookSDK.framework; sourceTree = "<group>"; };
/* End PBXFileReference section */

/* Begin PBXFrameworksBuildPhase section */
		29EB240219E9292500D7AA97 /* Frameworks */ = {
			isa = PBXFrameworksBuildPhase;
			buildActionMask = 2147483647;
			files = (
				2998B4221A1F7F7900C95A00 /* Social.framework in Frameworks */,
				2998B4181A1F7F3700C95A00 /* libc++.dylib in Frameworks */,
				2998B4161A1F7F3000C95A00 /* libicucore.dylib in Frameworks */,
				29EB243719E9297900D7AA97 /* ParseFacebookUtils.framework in Frameworks */,
				29EB243619E9297900D7AA97 /* Parse.framework in Frameworks */,
				29EB255119E92B3600D7AA97 /* FacebookSDK.framework in Frameworks */,
				2998B4141A1F7CC900C95A00 /* Firebase.framework in Frameworks */,
			);
			runOnlyForDeploymentPostprocessing = 0;
		};
/* End PBXFrameworksBuildPhase section */

/* Begin PBXGroup section */
		2927192F19F284AC009C308B /* Vendors */ = {
			isa = PBXGroup;
			children = (
				2927193019F284AC009C308B /* AFNetworking */,
				297F95761A3C48FD006D3E6C /* JSQMessagesViewController */,
				292719CF19F284AC009C308B /* JSQSystemSoundPlayer */,
				296DD5E41A1F557900AB9F8C /* ProgressHUD */,
			);
			path = Vendors;
			sourceTree = "<group>";
		};
		2927193019F284AC009C308B /* AFNetworking */ = {
			isa = PBXGroup;
			children = (
				2927193119F284AC009C308B /* AFNetworking */,
				2927194519F284AC009C308B /* UIKit+AFNetworking */,
			);
			path = AFNetworking;
			sourceTree = "<group>";
		};
		2927193119F284AC009C308B /* AFNetworking */ = {
			isa = PBXGroup;
			children = (
				2927193219F284AC009C308B /* AFHTTPRequestOperation.h */,
				2927193319F284AC009C308B /* AFHTTPRequestOperation.m */,
				2927193419F284AC009C308B /* AFHTTPRequestOperationManager.h */,
				2927193519F284AC009C308B /* AFHTTPRequestOperationManager.m */,
				2927193619F284AC009C308B /* AFHTTPSessionManager.h */,
				2927193719F284AC009C308B /* AFHTTPSessionManager.m */,
				2927193819F284AC009C308B /* AFNetworking.h */,
				2927193919F284AC009C308B /* AFNetworkReachabilityManager.h */,
				2927193A19F284AC009C308B /* AFNetworkReachabilityManager.m */,
				2927193B19F284AC009C308B /* AFSecurityPolicy.h */,
				2927193C19F284AC009C308B /* AFSecurityPolicy.m */,
				2927193D19F284AC009C308B /* AFURLConnectionOperation.h */,
				2927193E19F284AC009C308B /* AFURLConnectionOperation.m */,
				2927193F19F284AC009C308B /* AFURLRequestSerialization.h */,
				2927194019F284AC009C308B /* AFURLRequestSerialization.m */,
				2927194119F284AC009C308B /* AFURLResponseSerialization.h */,
				2927194219F284AC009C308B /* AFURLResponseSerialization.m */,
				2927194319F284AC009C308B /* AFURLSessionManager.h */,
				2927194419F284AC009C308B /* AFURLSessionManager.m */,
			);
			path = AFNetworking;
			sourceTree = "<group>";
		};
		2927194519F284AC009C308B /* UIKit+AFNetworking */ = {
			isa = PBXGroup;
			children = (
				2927194619F284AC009C308B /* AFNetworkActivityIndicatorManager.h */,
				2927194719F284AC009C308B /* AFNetworkActivityIndicatorManager.m */,
				2927194819F284AC009C308B /* UIActivityIndicatorView+AFNetworking.h */,
				2927194919F284AC009C308B /* UIActivityIndicatorView+AFNetworking.m */,
				2927194A19F284AC009C308B /* UIAlertView+AFNetworking.h */,
				2927194B19F284AC009C308B /* UIAlertView+AFNetworking.m */,
				2927194C19F284AC009C308B /* UIButton+AFNetworking.h */,
				2927194D19F284AC009C308B /* UIButton+AFNetworking.m */,
				2927194E19F284AC009C308B /* UIImageView+AFNetworking.h */,
				2927194F19F284AC009C308B /* UIImageView+AFNetworking.m */,
				2927195019F284AC009C308B /* UIKit+AFNetworking.h */,
				2927195119F284AC009C308B /* UIProgressView+AFNetworking.h */,
				2927195219F284AC009C308B /* UIProgressView+AFNetworking.m */,
				2927195319F284AC009C308B /* UIRefreshControl+AFNetworking.h */,
				2927195419F284AC009C308B /* UIRefreshControl+AFNetworking.m */,
				2927195519F284AC009C308B /* UIWebView+AFNetworking.h */,
				2927195619F284AC009C308B /* UIWebView+AFNetworking.m */,
			);
			path = "UIKit+AFNetworking";
			sourceTree = "<group>";
		};
		292719CF19F284AC009C308B /* JSQSystemSoundPlayer */ = {
			isa = PBXGroup;
			children = (
				292719D019F284AC009C308B /* Classes */,
			);
			path = JSQSystemSoundPlayer;
			sourceTree = "<group>";
		};
		292719D019F284AC009C308B /* Classes */ = {
			isa = PBXGroup;
			children = (
				292719D119F284AC009C308B /* JSQSystemSoundPlayer.h */,
				292719D219F284AC009C308B /* JSQSystemSoundPlayer.m */,
			);
			path = Classes;
			sourceTree = "<group>";
		};
		296DD5E41A1F557900AB9F8C /* ProgressHUD */ = {
			isa = PBXGroup;
			children = (
				296DD5E51A1F557900AB9F8C /* ProgressHUD.bundle */,
				296DD5E61A1F557900AB9F8C /* ProgressHUD.h */,
				296DD5E71A1F557900AB9F8C /* ProgressHUD.m */,
			);
			path = ProgressHUD;
			sourceTree = "<group>";
		};
		297F95761A3C48FD006D3E6C /* JSQMessagesViewController */ = {
			isa = PBXGroup;
			children = (
				297F95771A3C48FD006D3E6C /* Assets */,
				297F958A1A3C48FD006D3E6C /* Categories */,
				297F95971A3C48FD006D3E6C /* Controllers */,
				297F959D1A3C48FD006D3E6C /* Factories */,
				297F95A81A3C48FD006D3E6C /* JSQMessages.h */,
				297F95A91A3C48FD006D3E6C /* Layout */,
				297F95B01A3C48FD006D3E6C /* Model */,
				297F95C51A3C48FD006D3E6C /* Views */,
			);
			path = JSQMessagesViewController;
			sourceTree = "<group>";
		};
		297F95771A3C48FD006D3E6C /* Assets */ = {
			isa = PBXGroup;
			children = (
				297F95781A3C48FD006D3E6C /* JSQMessagesAssets.bundle */,
				297F95791A3C48FD006D3E6C /* Strings */,
			);
			path = Assets;
			sourceTree = "<group>";
		};
		297F95791A3C48FD006D3E6C /* Strings */ = {
			isa = PBXGroup;
			children = (
				297F957A1A3C48FD006D3E6C /* JSQMessages.strings */,
			);
			path = Strings;
			sourceTree = "<group>";
		};
		297F958A1A3C48FD006D3E6C /* Categories */ = {
			isa = PBXGroup;
			children = (
				297F958B1A3C48FD006D3E6C /* JSQSystemSoundPlayer+JSQMessages.h */,
				297F958C1A3C48FD006D3E6C /* JSQSystemSoundPlayer+JSQMessages.m */,
				297F958D1A3C48FD006D3E6C /* NSString+JSQMessages.h */,
				297F958E1A3C48FD006D3E6C /* NSString+JSQMessages.m */,
				297F958F1A3C48FD006D3E6C /* UIColor+JSQMessages.h */,
				297F95901A3C48FD006D3E6C /* UIColor+JSQMessages.m */,
				297F95911A3C48FD006D3E6C /* UIDevice+JSQMessages.h */,
				297F95921A3C48FD006D3E6C /* UIDevice+JSQMessages.m */,
				297F95931A3C48FD006D3E6C /* UIImage+JSQMessages.h */,
				297F95941A3C48FD006D3E6C /* UIImage+JSQMessages.m */,
				297F95951A3C48FD006D3E6C /* UIView+JSQMessages.h */,
				297F95961A3C48FD006D3E6C /* UIView+JSQMessages.m */,
			);
			path = Categories;
			sourceTree = "<group>";
		};
		297F95971A3C48FD006D3E6C /* Controllers */ = {
			isa = PBXGroup;
			children = (
				297F95981A3C48FD006D3E6C /* JSQMessagesKeyboardController.h */,
				297F95991A3C48FD006D3E6C /* JSQMessagesKeyboardController.m */,
				297F959A1A3C48FD006D3E6C /* JSQMessagesViewController.h */,
				297F959B1A3C48FD006D3E6C /* JSQMessagesViewController.m */,
				297F959C1A3C48FD006D3E6C /* JSQMessagesViewController.xib */,
			);
			path = Controllers;
			sourceTree = "<group>";
		};
		297F959D1A3C48FD006D3E6C /* Factories */ = {
			isa = PBXGroup;
			children = (
				297F959E1A3C48FD006D3E6C /* JSQMessagesAvatarImageFactory.h */,
				297F959F1A3C48FD006D3E6C /* JSQMessagesAvatarImageFactory.m */,
				297F95A01A3C48FD006D3E6C /* JSQMessagesBubbleImageFactory.h */,
				297F95A11A3C48FD006D3E6C /* JSQMessagesBubbleImageFactory.m */,
				297F95A21A3C48FD006D3E6C /* JSQMessagesMediaViewBubbleImageMasker.h */,
				297F95A31A3C48FD006D3E6C /* JSQMessagesMediaViewBubbleImageMasker.m */,
				297F95A41A3C48FD006D3E6C /* JSQMessagesTimestampFormatter.h */,
				297F95A51A3C48FD006D3E6C /* JSQMessagesTimestampFormatter.m */,
				297F95A61A3C48FD006D3E6C /* JSQMessagesToolbarButtonFactory.h */,
				297F95A71A3C48FD006D3E6C /* JSQMessagesToolbarButtonFactory.m */,
			);
			path = Factories;
			sourceTree = "<group>";
		};
		297F95A91A3C48FD006D3E6C /* Layout */ = {
			isa = PBXGroup;
			children = (
				297F95AA1A3C48FD006D3E6C /* JSQMessagesCollectionViewFlowLayout.h */,
				297F95AB1A3C48FD006D3E6C /* JSQMessagesCollectionViewFlowLayout.m */,
				297F95AC1A3C48FD006D3E6C /* JSQMessagesCollectionViewFlowLayoutInvalidationContext.h */,
				297F95AD1A3C48FD006D3E6C /* JSQMessagesCollectionViewFlowLayoutInvalidationContext.m */,
				297F95AE1A3C48FD006D3E6C /* JSQMessagesCollectionViewLayoutAttributes.h */,
				297F95AF1A3C48FD006D3E6C /* JSQMessagesCollectionViewLayoutAttributes.m */,
			);
			path = Layout;
			sourceTree = "<group>";
		};
		297F95B01A3C48FD006D3E6C /* Model */ = {
			isa = PBXGroup;
			children = (
				297F95B11A3C48FD006D3E6C /* JSQLocationMediaItem.h */,
				297F95B21A3C48FD006D3E6C /* JSQLocationMediaItem.m */,
				297F95B31A3C48FD006D3E6C /* JSQMediaItem.h */,
				297F95B41A3C48FD006D3E6C /* JSQMediaItem.m */,
				297F95B51A3C48FD006D3E6C /* JSQMessage.h */,
				297F95B61A3C48FD006D3E6C /* JSQMessage.m */,
				297F95B71A3C48FD006D3E6C /* JSQMessageAvatarImageDataSource.h */,
				297F95B81A3C48FD006D3E6C /* JSQMessageBubbleImageDataSource.h */,
				297F95B91A3C48FD006D3E6C /* JSQMessageData.h */,
				297F95BA1A3C48FD006D3E6C /* JSQMessageMediaData.h */,
				297F95BB1A3C48FD006D3E6C /* JSQMessagesAvatarImage.h */,
				297F95BC1A3C48FD006D3E6C /* JSQMessagesAvatarImage.m */,
				297F95BD1A3C48FD006D3E6C /* JSQMessagesBubbleImage.h */,
				297F95BE1A3C48FD006D3E6C /* JSQMessagesBubbleImage.m */,
				297F95BF1A3C48FD006D3E6C /* JSQMessagesCollectionViewDataSource.h */,
				297F95C01A3C48FD006D3E6C /* JSQMessagesCollectionViewDelegateFlowLayout.h */,
				297F95C11A3C48FD006D3E6C /* JSQPhotoMediaItem.h */,
				297F95C21A3C48FD006D3E6C /* JSQPhotoMediaItem.m */,
				297F95C31A3C48FD006D3E6C /* JSQVideoMediaItem.h */,
				297F95C41A3C48FD006D3E6C /* JSQVideoMediaItem.m */,
			);
			path = Model;
			sourceTree = "<group>";
		};
		297F95C51A3C48FD006D3E6C /* Views */ = {
			isa = PBXGroup;
			children = (
				297F95C61A3C48FD006D3E6C /* JSQMessagesCellTextView.h */,
				297F95C71A3C48FD006D3E6C /* JSQMessagesCellTextView.m */,
				297F95C81A3C48FD006D3E6C /* JSQMessagesCollectionView.h */,
				297F95C91A3C48FD006D3E6C /* JSQMessagesCollectionView.m */,
				297F95CA1A3C48FD006D3E6C /* JSQMessagesCollectionViewCell.h */,
				297F95CB1A3C48FD006D3E6C /* JSQMessagesCollectionViewCell.m */,
				297F95CC1A3C48FD006D3E6C /* JSQMessagesCollectionViewCellIncoming.h */,
				297F95CD1A3C48FD006D3E6C /* JSQMessagesCollectionViewCellIncoming.m */,
				297F95CE1A3C48FD006D3E6C /* JSQMessagesCollectionViewCellIncoming.xib */,
				297F95CF1A3C48FD006D3E6C /* JSQMessagesCollectionViewCellOutgoing.h */,
				297F95D01A3C48FD006D3E6C /* JSQMessagesCollectionViewCellOutgoing.m */,
				297F95D11A3C48FD006D3E6C /* JSQMessagesCollectionViewCellOutgoing.xib */,
				297F95D21A3C48FD006D3E6C /* JSQMessagesComposerTextView.h */,
				297F95D31A3C48FD006D3E6C /* JSQMessagesComposerTextView.m */,
				297F95D41A3C48FD006D3E6C /* JSQMessagesInputToolbar.h */,
				297F95D51A3C48FD006D3E6C /* JSQMessagesInputToolbar.m */,
				297F95D61A3C48FD006D3E6C /* JSQMessagesLabel.h */,
				297F95D71A3C48FD006D3E6C /* JSQMessagesLabel.m */,
				297F95D81A3C48FD006D3E6C /* JSQMessagesLoadEarlierHeaderView.h */,
				297F95D91A3C48FD006D3E6C /* JSQMessagesLoadEarlierHeaderView.m */,
				297F95DA1A3C48FD006D3E6C /* JSQMessagesLoadEarlierHeaderView.xib */,
				297F95DB1A3C48FD006D3E6C /* JSQMessagesMediaPlaceholderView.h */,
				297F95DC1A3C48FD006D3E6C /* JSQMessagesMediaPlaceholderView.m */,
				297F95DD1A3C48FD006D3E6C /* JSQMessagesToolbarContentView.h */,
				297F95DE1A3C48FD006D3E6C /* JSQMessagesToolbarContentView.m */,
				297F95DF1A3C48FD006D3E6C /* JSQMessagesToolbarContentView.xib */,
				297F95E01A3C48FD006D3E6C /* JSQMessagesTypingIndicatorFooterView.h */,
				297F95E11A3C48FD006D3E6C /* JSQMessagesTypingIndicatorFooterView.m */,
				297F95E21A3C48FD006D3E6C /* JSQMessagesTypingIndicatorFooterView.xib */,
			);
			path = Views;
			sourceTree = "<group>";
		};
		2999F3BA1A3C3ECD00147194 /* Classes */ = {
			isa = PBXGroup;
			children = (
				2999F3BB1A3C3ECD00147194 /* Application */,
				2999F3BE1A3C3ECD00147194 /* Chat */,
				2999F3C11A3C3ECD00147194 /* Tabs */,
				2999F3D41A3C3ECD00147194 /* User */,
				2999F3DE1A3C3ECD00147194 /* Utilities */,
			);
			path = Classes;
			sourceTree = "<group>";
		};
		2999F3BB1A3C3ECD00147194 /* Application */ = {
			isa = PBXGroup;
			children = (
				2999F3BC1A3C3ECD00147194 /* NavigationController.h */,
				2999F3BD1A3C3ECD00147194 /* NavigationController.m */,
			);
			path = Application;
			sourceTree = "<group>";
		};
		2999F3BE1A3C3ECD00147194 /* Chat */ = {
			isa = PBXGroup;
			children = (
				2999F3BF1A3C3ECD00147194 /* ChatView.h */,
				2999F3C01A3C3ECD00147194 /* ChatView.m */,
			);
			path = Chat;
			sourceTree = "<group>";
		};
		2999F3C11A3C3ECD00147194 /* Tabs */ = {
			isa = PBXGroup;
			children = (
				2999F3C21A3C3ECD00147194 /* 01_group */,
				2999F3C51A3C3ECD00147194 /* 02_private */,
				2999F3C91A3C3ECD00147194 /* 03_messages */,
				2999F3D01A3C3ECD00147194 /* 04_profile */,
			);
			path = Tabs;
			sourceTree = "<group>";
		};
		2999F3C21A3C3ECD00147194 /* 01_group */ = {
			isa = PBXGroup;
			children = (
				2999F3C31A3C3ECD00147194 /* GroupView.h */,
				2999F3C41A3C3ECD00147194 /* GroupView.m */,
			);
			path = 01_group;
			sourceTree = "<group>";
		};
		2999F3C51A3C3ECD00147194 /* 02_private */ = {
			isa = PBXGroup;
			children = (
				2999F3C61A3C3ECD00147194 /* PrivateView.h */,
				2999F3C71A3C3ECD00147194 /* PrivateView.m */,
				2999F3C81A3C3ECD00147194 /* PrivateView.xib */,
			);
			path = 02_private;
			sourceTree = "<group>";
		};
		2999F3C91A3C3ECD00147194 /* 03_messages */ = {
			isa = PBXGroup;
			children = (
				2999F3CA1A3C3ECD00147194 /* MessagesCell.h */,
				2999F3CB1A3C3ECD00147194 /* MessagesCell.m */,
				2999F3CC1A3C3ECD00147194 /* MessagesCell.xib */,
				2999F3CD1A3C3ECD00147194 /* MessagesView.h */,
				2999F3CE1A3C3ECD00147194 /* MessagesView.m */,
				2999F3CF1A3C3ECD00147194 /* MessagesView.xib */,
			);
			path = 03_messages;
			sourceTree = "<group>";
		};
		2999F3D01A3C3ECD00147194 /* 04_profile */ = {
			isa = PBXGroup;
			children = (
				2999F3D11A3C3ECD00147194 /* ProfileView.h */,
				2999F3D21A3C3ECD00147194 /* ProfileView.m */,
				2999F3D31A3C3ECD00147194 /* ProfileView.xib */,
			);
			path = 04_profile;
			sourceTree = "<group>";
		};
		2999F3D41A3C3ECD00147194 /* User */ = {
			isa = PBXGroup;
			children = (
				2999F3D51A3C3ECD00147194 /* LoginView.h */,
				2999F3D61A3C3ECD00147194 /* LoginView.m */,
				2999F3D71A3C3ECD00147194 /* LoginView.xib */,
				2999F3D81A3C3ECD00147194 /* RegisterView.h */,
				2999F3D91A3C3ECD00147194 /* RegisterView.m */,
				2999F3DA1A3C3ECD00147194 /* RegisterView.xib */,
				2999F3DB1A3C3ECD00147194 /* WelcomeView.h */,
				2999F3DC1A3C3ECD00147194 /* WelcomeView.m */,
				2999F3DD1A3C3ECD00147194 /* WelcomeView.xib */,
			);
			path = User;
			sourceTree = "<group>";
		};
		2999F3DE1A3C3ECD00147194 /* Utilities */ = {
			isa = PBXGroup;
			children = (
				2999F3DF1A3C3ECD00147194 /* camera.h */,
				2999F3E01A3C3ECD00147194 /* camera.m */,
				2999F3E11A3C3ECD00147194 /* messages.h */,
				2999F3E21A3C3ECD00147194 /* messages.m */,
				2999F3E31A3C3ECD00147194 /* pushnotification.h */,
				2999F3E41A3C3ECD00147194 /* pushnotification.m */,
				2999F3E51A3C3ECD00147194 /* utilities.h */,
				2999F3E61A3C3ECD00147194 /* utilities.m */,
			);
			path = Utilities;
			sourceTree = "<group>";
		};
		29B6DDBF1A3C3C5700D38CD9 /* Images */ = {
			isa = PBXGroup;
			children = (
				29B6DDC01A3C3C5700D38CD9 /* chat_blank@2x.png */,
				29B6DDC11A3C3C5700D38CD9 /* messages_blank@2x.png */,
				29B6DDC21A3C3C5700D38CD9 /* profile_blank@2x.png */,
				29B6DDC31A3C3C5700D38CD9 /* tab_group@2x.png */,
				29B6DDC41A3C3C5700D38CD9 /* tab_messages@2x.png */,
				29B6DDC51A3C3C5700D38CD9 /* tab_private@2x.png */,
				29B6DDC61A3C3C5700D38CD9 /* tab_profile@2x.png */,
			);
			path = Images;
			sourceTree = "<group>";
		};
		29B8FE7319E92E4500E7A503 /* Resources */ = {
			isa = PBXGroup;
			children = (
				29B6DDBF1A3C3C5700D38CD9 /* Images */,
			);
			path = Resources;
			sourceTree = "<group>";
		};
		29EB23FC19E9292500D7AA97 = {
			isa = PBXGroup;
			children = (
				2999F3BA1A3C3ECD00147194 /* Classes */,
				2927192F19F284AC009C308B /* Vendors */,
				29B8FE7319E92E4500E7A503 /* Resources */,
				29EB243319E9297900D7AA97 /* Frameworks */,
				29EB240719E9292500D7AA97 /* app */,
				29EB240619E9292500D7AA97 /* Products */,
			);
			sourceTree = "<group>";
		};
		29EB240619E9292500D7AA97 /* Products */ = {
			isa = PBXGroup;
			children = (
				29EB240519E9292500D7AA97 /* app.app */,
			);
			name = Products;
			sourceTree = "<group>";
		};
		29EB240719E9292500D7AA97 /* app */ = {
			isa = PBXGroup;
			children = (
				29EB254F19E92ACD00D7AA97 /* AppConstant.h */,
				29EB240C19E9292500D7AA97 /* AppDelegate.h */,
				29EB240D19E9292500D7AA97 /* AppDelegate.m */,
				29EB241519E9292500D7AA97 /* Images.xcassets */,
				29EB241719E9292500D7AA97 /* LaunchScreen.xib */,
				29EB240819E9292500D7AA97 /* Supporting Files */,
			);
			path = app;
			sourceTree = "<group>";
		};
		29EB240819E9292500D7AA97 /* Supporting Files */ = {
			isa = PBXGroup;
			children = (
				29EB240919E9292500D7AA97 /* Info.plist */,
				29EB240A19E9292500D7AA97 /* main.m */,
			);
			name = "Supporting Files";
			sourceTree = "<group>";
		};
		29EB243319E9297900D7AA97 /* Frameworks */ = {
			isa = PBXGroup;
			children = (
				2998B4211A1F7F7900C95A00 /* Social.framework */,
				2998B4171A1F7F3700C95A00 /* libc++.dylib */,
				2998B4151A1F7F3000C95A00 /* libicucore.dylib */,
				2998B4131A1F7CC900C95A00 /* Firebase.framework */,
				29EB255019E92B3600D7AA97 /* FacebookSDK.framework */,
				29EB243419E9297900D7AA97 /* Parse.framework */,
				29EB243519E9297900D7AA97 /* ParseFacebookUtils.framework */,
			);
			path = Frameworks;
			sourceTree = "<group>";
		};
/* End PBXGroup section */

/* Begin PBXNativeTarget section */
		29EB240419E9292500D7AA97 /* app */ = {
			isa = PBXNativeTarget;
			buildConfigurationList = 29EB242819E9292600D7AA97 /* Build configuration list for PBXNativeTarget "app" */;
			buildPhases = (
				29EB240119E9292500D7AA97 /* Sources */,
				29EB240219E9292500D7AA97 /* Frameworks */,
				29EB240319E9292500D7AA97 /* Resources */,
			);
			buildRules = (
			);
			dependencies = (
			);
			name = app;
			productName = app;
			productReference = 29EB240519E9292500D7AA97 /* app.app */;
			productType = "com.apple.product-type.application";
		};
/* End PBXNativeTarget section */

/* Begin PBXProject section */
		29EB23FD19E9292500D7AA97 /* Project object */ = {
			isa = PBXProject;
			attributes = {
				LastUpgradeCheck = 0600;
				ORGANIZATIONNAME = KZ;
				TargetAttributes = {
					29EB240419E9292500D7AA97 = {
						CreatedOnToolsVersion = 6.0.1;
					};
				};
			};
			buildConfigurationList = 29EB240019E9292500D7AA97 /* Build configuration list for PBXProject "app" */;
			compatibilityVersion = "Xcode 3.2";
			developmentRegion = English;
			hasScannedForEncodings = 0;
			knownRegions = (
				en,
				Base,
				de,
				es,
				fr,
				he,
				it,
				nl,
				pl,
				pt,
				ro,
				ru,
				tr,
				"zh-Hans",
				"zh-Hant",
			);
			mainGroup = 29EB23FC19E9292500D7AA97;
			productRefGroup = 29EB240619E9292500D7AA97 /* Products */;
			projectDirPath = "";
			projectRoot = "";
			targets = (
				29EB240419E9292500D7AA97 /* app */,
			);
		};
/* End PBXProject section */

/* Begin PBXResourcesBuildPhase section */
		29EB240319E9292500D7AA97 /* Resources */ = {
			isa = PBXResourcesBuildPhase;
			buildActionMask = 2147483647;
			files = (
				29B6DDCD1A3C3C5700D38CD9 /* tab_profile@2x.png in Resources */,
				2999F3F51A3C3ECD00147194 /* RegisterView.xib in Resources */,
				2999F3F11A3C3ECD00147194 /* ProfileView.xib in Resources */,
				297F95E31A3C48FD006D3E6C /* JSQMessagesAssets.bundle in Resources */,
				296DD5E81A1F557900AB9F8C /* ProgressHUD.bundle in Resources */,
				29B6DDC91A3C3C5700D38CD9 /* profile_blank@2x.png in Resources */,
				29B6DDC71A3C3C5700D38CD9 /* chat_blank@2x.png in Resources */,
				297F96031A3C48FD006D3E6C /* JSQMessagesCollectionViewCellOutgoing.xib in Resources */,
				29B6DDCB1A3C3C5700D38CD9 /* tab_messages@2x.png in Resources */,
				297F96011A3C48FD006D3E6C /* JSQMessagesCollectionViewCellIncoming.xib in Resources */,
				2999F3F71A3C3ECD00147194 /* WelcomeView.xib in Resources */,
				297F960D1A3C48FD006D3E6C /* JSQMessagesTypingIndicatorFooterView.xib in Resources */,
				297F960B1A3C48FD006D3E6C /* JSQMessagesToolbarContentView.xib in Resources */,
				29EB241919E9292500D7AA97 /* LaunchScreen.xib in Resources */,
				29B6DDCC1A3C3C5700D38CD9 /* tab_private@2x.png in Resources */,
				2999F3EF1A3C3ECD00147194 /* MessagesView.xib in Resources */,
				29B6DDCA1A3C3C5700D38CD9 /* tab_group@2x.png in Resources */,
				297F96081A3C48FD006D3E6C /* JSQMessagesLoadEarlierHeaderView.xib in Resources */,
				2999F3F31A3C3ECD00147194 /* LoginView.xib in Resources */,
				2999F3EB1A3C3ECD00147194 /* PrivateView.xib in Resources */,
				2999F3ED1A3C3ECD00147194 /* MessagesCell.xib in Resources */,
				29B6DDC81A3C3C5700D38CD9 /* messages_blank@2x.png in Resources */,
				29EB241619E9292500D7AA97 /* Images.xcassets in Resources */,
				297F95E41A3C48FD006D3E6C /* JSQMessages.strings in Resources */,
				297F95ED1A3C48FD006D3E6C /* JSQMessagesViewController.xib in Resources */,
			);
			runOnlyForDeploymentPostprocessing = 0;
		};
/* End PBXResourcesBuildPhase section */

/* Begin PBXSourcesBuildPhase section */
		29EB240119E9292500D7AA97 /* Sources */ = {
			isa = PBXSourcesBuildPhase;
			buildActionMask = 2147483647;
			files = (
				297F95E61A3C48FD006D3E6C /* NSString+JSQMessages.m in Sources */,
				297F95EC1A3C48FD006D3E6C /* JSQMessagesViewController.m in Sources */,
				2999F3F81A3C3ECD00147194 /* camera.m in Sources */,
				29271A2D19F284AC009C308B /* JSQSystemSoundPlayer.m in Sources */,
				297F95F11A3C48FD006D3E6C /* JSQMessagesTimestampFormatter.m in Sources */,
				292719DD19F284AC009C308B /* AFURLRequestSerialization.m in Sources */,
				297F95E51A3C48FD006D3E6C /* JSQSystemSoundPlayer+JSQMessages.m in Sources */,
				292719DC19F284AC009C308B /* AFURLConnectionOperation.m in Sources */,
				2999F3FB1A3C3ECD00147194 /* utilities.m in Sources */,
				292719E219F284AC009C308B /* UIAlertView+AFNetworking.m in Sources */,
				297F96021A3C48FD006D3E6C /* JSQMessagesCollectionViewCellOutgoing.m in Sources */,
				2999F3EE1A3C3ECD00147194 /* MessagesView.m in Sources */,
				292719DB19F284AC009C308B /* AFSecurityPolicy.m in Sources */,
				297F95F81A3C48FD006D3E6C /* JSQMessage.m in Sources */,
				297F95E71A3C48FD006D3E6C /* UIColor+JSQMessages.m in Sources */,
				297F960C1A3C48FD006D3E6C /* JSQMessagesTypingIndicatorFooterView.m in Sources */,
				297F95E81A3C48FD006D3E6C /* UIDevice+JSQMessages.m in Sources */,
				297F95EF1A3C48FD006D3E6C /* JSQMessagesBubbleImageFactory.m in Sources */,
				2999F3EC1A3C3ECD00147194 /* MessagesCell.m in Sources */,
				292719D719F284AC009C308B /* AFHTTPRequestOperation.m in Sources */,
				292719DF19F284AC009C308B /* AFURLSessionManager.m in Sources */,
				297F95F31A3C48FD006D3E6C /* JSQMessagesCollectionViewFlowLayout.m in Sources */,
				292719DE19F284AC009C308B /* AFURLResponseSerialization.m in Sources */,
				2999F3F01A3C3ECD00147194 /* ProfileView.m in Sources */,
				2999F3E71A3C3ECD00147194 /* NavigationController.m in Sources */,
				297F95E91A3C48FD006D3E6C /* UIImage+JSQMessages.m in Sources */,
				29EB240E19E9292500D7AA97 /* AppDelegate.m in Sources */,
				297F95FF1A3C48FD006D3E6C /* JSQMessagesCollectionViewCell.m in Sources */,
				292719E519F284AC009C308B /* UIProgressView+AFNetworking.m in Sources */,
				297F960A1A3C48FD006D3E6C /* JSQMessagesToolbarContentView.m in Sources */,
				2999F3F91A3C3ECD00147194 /* messages.m in Sources */,
				292719D919F284AC009C308B /* AFHTTPSessionManager.m in Sources */,
				2999F3EA1A3C3ECD00147194 /* PrivateView.m in Sources */,
				297F95F21A3C48FD006D3E6C /* JSQMessagesToolbarButtonFactory.m in Sources */,
				2999F3E81A3C3ECD00147194 /* ChatView.m in Sources */,
				292719E019F284AC009C308B /* AFNetworkActivityIndicatorManager.m in Sources */,
				292719D819F284AC009C308B /* AFHTTPRequestOperationManager.m in Sources */,
				2999F3F41A3C3ECD00147194 /* RegisterView.m in Sources */,
				297F95FC1A3C48FD006D3E6C /* JSQVideoMediaItem.m in Sources */,
				292719E419F284AC009C308B /* UIImageView+AFNetworking.m in Sources */,
				297F96041A3C48FD006D3E6C /* JSQMessagesComposerTextView.m in Sources */,
				2999F3F61A3C3ECD00147194 /* WelcomeView.m in Sources */,
				297F95F61A3C48FD006D3E6C /* JSQLocationMediaItem.m in Sources */,
				292719E319F284AC009C308B /* UIButton+AFNetworking.m in Sources */,
				297F95F01A3C48FD006D3E6C /* JSQMessagesMediaViewBubbleImageMasker.m in Sources */,
				292719E619F284AC009C308B /* UIRefreshControl+AFNetworking.m in Sources */,
				297F95FA1A3C48FD006D3E6C /* JSQMessagesBubbleImage.m in Sources */,
				292719E719F284AC009C308B /* UIWebView+AFNetworking.m in Sources */,
				292719DA19F284AC009C308B /* AFNetworkReachabilityManager.m in Sources */,
				297F96051A3C48FD006D3E6C /* JSQMessagesInputToolbar.m in Sources */,
				2999F3FA1A3C3ECD00147194 /* pushnotification.m in Sources */,
				297F95F91A3C48FD006D3E6C /* JSQMessagesAvatarImage.m in Sources */,
				297F95EA1A3C48FD006D3E6C /* UIView+JSQMessages.m in Sources */,
				296DD5E91A1F557900AB9F8C /* ProgressHUD.m in Sources */,
				297F96091A3C48FD006D3E6C /* JSQMessagesMediaPlaceholderView.m in Sources */,
				297F95F41A3C48FD006D3E6C /* JSQMessagesCollectionViewFlowLayoutInvalidationContext.m in Sources */,
				297F95FD1A3C48FD006D3E6C /* JSQMessagesCellTextView.m in Sources */,
				297F96001A3C48FD006D3E6C /* JSQMessagesCollectionViewCellIncoming.m in Sources */,
				297F96061A3C48FD006D3E6C /* JSQMessagesLabel.m in Sources */,
				297F95EB1A3C48FD006D3E6C /* JSQMessagesKeyboardController.m in Sources */,
				297F95FE1A3C48FD006D3E6C /* JSQMessagesCollectionView.m in Sources */,
				297F96071A3C48FD006D3E6C /* JSQMessagesLoadEarlierHeaderView.m in Sources */,
				297F95FB1A3C48FD006D3E6C /* JSQPhotoMediaItem.m in Sources */,
				2999F3E91A3C3ECD00147194 /* GroupView.m in Sources */,
				2999F3F21A3C3ECD00147194 /* LoginView.m in Sources */,
				29EB240B19E9292500D7AA97 /* main.m in Sources */,
				297F95EE1A3C48FD006D3E6C /* JSQMessagesAvatarImageFactory.m in Sources */,
				292719E119F284AC009C308B /* UIActivityIndicatorView+AFNetworking.m in Sources */,
				297F95F71A3C48FD006D3E6C /* JSQMediaItem.m in Sources */,
				297F95F51A3C48FD006D3E6C /* JSQMessagesCollectionViewLayoutAttributes.m in Sources */,
			);
			runOnlyForDeploymentPostprocessing = 0;
		};
/* End PBXSourcesBuildPhase section */

/* Begin PBXVariantGroup section */
		297F957A1A3C48FD006D3E6C /* JSQMessages.strings */ = {
			isa = PBXVariantGroup;
			children = (
				297F957B1A3C48FD006D3E6C /* Base */,
				297F957C1A3C48FD006D3E6C /* de */,
				297F957D1A3C48FD006D3E6C /* en */,
				297F957E1A3C48FD006D3E6C /* es */,
				297F957F1A3C48FD006D3E6C /* fr */,
				297F95801A3C48FD006D3E6C /* he */,
				297F95811A3C48FD006D3E6C /* it */,
				297F95821A3C48FD006D3E6C /* nl */,
				297F95831A3C48FD006D3E6C /* pl */,
				297F95841A3C48FD006D3E6C /* pt */,
				297F95851A3C48FD006D3E6C /* ro */,
				297F95861A3C48FD006D3E6C /* ru */,
				297F95871A3C48FD006D3E6C /* tr */,
				297F95881A3C48FD006D3E6C /* zh-Hans */,
				297F95891A3C48FD006D3E6C /* zh-Hant */,
			);
			name = JSQMessages.strings;
			sourceTree = "<group>";
		};
		29EB241719E9292500D7AA97 /* LaunchScreen.xib */ = {
			isa = PBXVariantGroup;
			children = (
				29EB241819E9292500D7AA97 /* Base */,
			);
			name = LaunchScreen.xib;
			sourceTree = "<group>";
		};
/* End PBXVariantGroup section */

/* Begin XCBuildConfiguration section */
		29EB242619E9292600D7AA97 /* Debug */ = {
			isa = XCBuildConfiguration;
			buildSettings = {
				ALWAYS_SEARCH_USER_PATHS = NO;
				CLANG_CXX_LANGUAGE_STANDARD = "gnu++0x";
				CLANG_CXX_LIBRARY = "libc++";
				CLANG_ENABLE_MODULES = YES;
				CLANG_ENABLE_OBJC_ARC = YES;
				CLANG_WARN_BOOL_CONVERSION = YES;
				CLANG_WARN_CONSTANT_CONVERSION = YES;
				CLANG_WARN_DIRECT_OBJC_ISA_USAGE = YES_ERROR;
				CLANG_WARN_EMPTY_BODY = YES;
				CLANG_WARN_ENUM_CONVERSION = YES;
				CLANG_WARN_INT_CONVERSION = YES;
				CLANG_WARN_OBJC_ROOT_CLASS = YES_ERROR;
				CLANG_WARN_UNREACHABLE_CODE = YES;
				CLANG_WARN__DUPLICATE_METHOD_MATCH = YES;
				"CODE_SIGN_IDENTITY[sdk=iphoneos*]" = "iPhone Developer";
				COPY_PHASE_STRIP = NO;
				ENABLE_STRICT_OBJC_MSGSEND = YES;
				GCC_C_LANGUAGE_STANDARD = gnu99;
				GCC_DYNAMIC_NO_PIC = NO;
				GCC_OPTIMIZATION_LEVEL = 0;
				GCC_PREPROCESSOR_DEFINITIONS = (
					"DEBUG=1",
					"$(inherited)",
				);
				GCC_SYMBOLS_PRIVATE_EXTERN = NO;
				GCC_WARN_64_TO_32_BIT_CONVERSION = YES;
				GCC_WARN_ABOUT_RETURN_TYPE = YES_ERROR;
				GCC_WARN_UNDECLARED_SELECTOR = YES;
				GCC_WARN_UNINITIALIZED_AUTOS = YES_AGGRESSIVE;
				GCC_WARN_UNUSED_FUNCTION = YES;
				GCC_WARN_UNUSED_VARIABLE = YES;
				IPHONEOS_DEPLOYMENT_TARGET = 8.0;
				MTL_ENABLE_DEBUG_INFO = YES;
				ONLY_ACTIVE_ARCH = YES;
				SDKROOT = iphoneos;
			};
			name = Debug;
		};
		29EB242719E9292600D7AA97 /* Release */ = {
			isa = XCBuildConfiguration;
			buildSettings = {
				ALWAYS_SEARCH_USER_PATHS = NO;
				CLANG_CXX_LANGUAGE_STANDARD = "gnu++0x";
				CLANG_CXX_LIBRARY = "libc++";
				CLANG_ENABLE_MODULES = YES;
				CLANG_ENABLE_OBJC_ARC = YES;
				CLANG_WARN_BOOL_CONVERSION = YES;
				CLANG_WARN_CONSTANT_CONVERSION = YES;
				CLANG_WARN_DIRECT_OBJC_ISA_USAGE = YES_ERROR;
				CLANG_WARN_EMPTY_BODY = YES;
				CLANG_WARN_ENUM_CONVERSION = YES;
				CLANG_WARN_INT_CONVERSION = YES;
				CLANG_WARN_OBJC_ROOT_CLASS = YES_ERROR;
				CLANG_WARN_UNREACHABLE_CODE = YES;
				CLANG_WARN__DUPLICATE_METHOD_MATCH = YES;
				"CODE_SIGN_IDENTITY[sdk=iphoneos*]" = "iPhone Developer";
				COPY_PHASE_STRIP = YES;
				ENABLE_NS_ASSERTIONS = NO;
				ENABLE_STRICT_OBJC_MSGSEND = YES;
				GCC_C_LANGUAGE_STANDARD = gnu99;
				GCC_WARN_64_TO_32_BIT_CONVERSION = YES;
				GCC_WARN_ABOUT_RETURN_TYPE = YES_ERROR;
				GCC_WARN_UNDECLARED_SELECTOR = YES;
				GCC_WARN_UNINITIALIZED_AUTOS = YES_AGGRESSIVE;
				GCC_WARN_UNUSED_FUNCTION = YES;
				GCC_WARN_UNUSED_VARIABLE = YES;
				IPHONEOS_DEPLOYMENT_TARGET = 8.0;
				MTL_ENABLE_DEBUG_INFO = NO;
				SDKROOT = iphoneos;
				VALIDATE_PRODUCT = YES;
			};
			name = Release;
		};
		29EB242919E9292600D7AA97 /* Debug */ = {
			isa = XCBuildConfiguration;
			buildSettings = {
				ASSETCATALOG_COMPILER_APPICON_NAME = AppIcon;
				FRAMEWORK_SEARCH_PATHS = (
					"$(inherited)",
					"$(PROJECT_DIR)/Frameworks",
				);
				INFOPLIST_FILE = app/Info.plist;
				LD_RUNPATH_SEARCH_PATHS = "$(inherited) @executable_path/Frameworks";
				OTHER_LDFLAGS = "-ObjC";
				PRODUCT_NAME = "$(TARGET_NAME)";
			};
			name = Debug;
		};
		29EB242A19E9292600D7AA97 /* Release */ = {
			isa = XCBuildConfiguration;
			buildSettings = {
				ASSETCATALOG_COMPILER_APPICON_NAME = AppIcon;
				FRAMEWORK_SEARCH_PATHS = (
					"$(inherited)",
					"$(PROJECT_DIR)/Frameworks",
				);
				INFOPLIST_FILE = app/Info.plist;
				LD_RUNPATH_SEARCH_PATHS = "$(inherited) @executable_path/Frameworks";
				OTHER_LDFLAGS = "-ObjC";
				PRODUCT_NAME = "$(TARGET_NAME)";
			};
			name = Release;
		};
/* End XCBuildConfiguration section */

/* Begin XCConfigurationList section */
		29EB240019E9292500D7AA97 /* Build configuration list for PBXProject "app" */ = {
			isa = XCConfigurationList;
			buildConfigurations = (
				29EB242619E9292600D7AA97 /* Debug */,
				29EB242719E9292600D7AA97 /* Release */,
			);
			defaultConfigurationIsVisible = 0;
			defaultConfigurationName = Release;
		};
		29EB242819E9292600D7AA97 /* Build configuration list for PBXNativeTarget "app" */ = {
			isa = XCConfigurationList;
			buildConfigurations = (
				29EB242919E9292600D7AA97 /* Debug */,
				29EB242A19E9292600D7AA97 /* Release */,
			);
			defaultConfigurationIsVisible = 0;
			defaultConfigurationName = Release;
		};
/* End XCConfigurationList section */
	};
	rootObject = 29EB23FD19E9292500D7AA97 /* Project object */;
}
